// !$*UTF8*$!
{
	archiveVersion = 1;
	classes = {
	};
	objectVersion = 46;
	objects = {

/* Begin PBXBuildFile section */
		7B565EF61A92486F00D6A420 /* main.m in Sources */ = {isa = PBXBuildFile; fileRef = 7B565EF51A92486F00D6A420 /* main.m */; };
		7B565EF91A92486F00D6A420 /* AppDelegate.m in Sources */ = {isa = PBXBuildFile; fileRef = 7B565EF81A92486F00D6A420 /* AppDelegate.m */; };
		7B565EFC1A92486F00D6A420 /* ViewController.m in Sources */ = {isa = PBXBuildFile; fileRef = 7B565EFB1A92486F00D6A420 /* ViewController.m */; };
		7B565EFF1A92486F00D6A420 /* Main.storyboard in Resources */ = {isa = PBXBuildFile; fileRef = 7B565EFD1A92486F00D6A420 /* Main.storyboard */; };
		7B565F011A92486F00D6A420 /* Images.xcassets in Resources */ = {isa = PBXBuildFile; fileRef = 7B565F001A92486F00D6A420 /* Images.xcassets */; };
		7B565F041A92486F00D6A420 /* LaunchScreen.xib in Resources */ = {isa = PBXBuildFile; fileRef = 7B565F021A92486F00D6A420 /* LaunchScreen.xib */; };
		7B565F101A92486F00D6A420 /* OtherbuTests.m in Sources */ = {isa = PBXBuildFile; fileRef = 7B565F0F1A92486F00D6A420 /* OtherbuTests.m */; };
		7B565F211A9249FA00D6A420 /* BookmarkData.m in Sources */ = {isa = PBXBuildFile; fileRef = 7B565F1A1A9249FA00D6A420 /* BookmarkData.m */; };
		7B565F221A9249FA00D6A420 /* CategoryData.m in Sources */ = {isa = PBXBuildFile; fileRef = 7B565F1C1A9249FA00D6A420 /* CategoryData.m */; };
		7B565F231A9249FA00D6A420 /* DataManager.m in Sources */ = {isa = PBXBuildFile; fileRef = 7B565F1E1A9249FA00D6A420 /* DataManager.m */; };
		7B565F241A9249FA00D6A420 /* PageData.m in Sources */ = {isa = PBXBuildFile; fileRef = 7B565F201A9249FA00D6A420 /* PageData.m */; };
/* End PBXBuildFile section */

/* Begin PBXContainerItemProxy section */
		7B565F0A1A92486F00D6A420 /* PBXContainerItemProxy */ = {
			isa = PBXContainerItemProxy;
			containerPortal = 7B565EE81A92486F00D6A420 /* Project object */;
			proxyType = 1;
			remoteGlobalIDString = 7B565EEF1A92486F00D6A420;
			remoteInfo = Otherbu;
		};
/* End PBXContainerItemProxy section */

/* Begin PBXFileReference section */
		7B565EF01A92486F00D6A420 /* Otherbu.app */ = {isa = PBXFileReference; explicitFileType = wrapper.application; includeInIndex = 0; path = Otherbu.app; sourceTree = BUILT_PRODUCTS_DIR; };
		7B565EF41A92486F00D6A420 /* Info.plist */ = {isa = PBXFileReference; lastKnownFileType = text.plist.xml; path = Info.plist; sourceTree = "<group>"; };
		7B565EF51A92486F00D6A420 /* main.m */ = {isa = PBXFileReference; lastKnownFileType = sourcecode.c.objc; path = main.m; sourceTree = "<group>"; };
		7B565EF71A92486F00D6A420 /* AppDelegate.h */ = {isa = PBXFileReference; lastKnownFileType = sourcecode.c.h; path = AppDelegate.h; sourceTree = "<group>"; };
		7B565EF81A92486F00D6A420 /* AppDelegate.m */ = {isa = PBXFileReference; lastKnownFileType = sourcecode.c.objc; path = AppDelegate.m; sourceTree = "<group>"; };
		7B565EFA1A92486F00D6A420 /* ViewController.h */ = {isa = PBXFileReference; lastKnownFileType = sourcecode.c.h; path = ViewController.h; sourceTree = "<group>"; };
		7B565EFB1A92486F00D6A420 /* ViewController.m */ = {isa = PBXFileReference; lastKnownFileType = sourcecode.c.objc; path = ViewController.m; sourceTree = "<group>"; };
		7B565EFE1A92486F00D6A420 /* Base */ = {isa = PBXFileReference; lastKnownFileType = file.storyboard; name = Base; path = Base.lproj/Main.storyboard; sourceTree = "<group>"; };
		7B565F001A92486F00D6A420 /* Images.xcassets */ = {isa = PBXFileReference; lastKnownFileType = folder.assetcatalog; path = Images.xcassets; sourceTree = "<group>"; };
		7B565F031A92486F00D6A420 /* Base */ = {isa = PBXFileReference; lastKnownFileType = file.xib; name = Base; path = Base.lproj/LaunchScreen.xib; sourceTree = "<group>"; };
		7B565F091A92486F00D6A420 /* OtherbuTests.xctest */ = {isa = PBXFileReference; explicitFileType = wrapper.cfbundle; includeInIndex = 0; path = OtherbuTests.xctest; sourceTree = BUILT_PRODUCTS_DIR; };
		7B565F0E1A92486F00D6A420 /* Info.plist */ = {isa = PBXFileReference; lastKnownFileType = text.plist.xml; path = Info.plist; sourceTree = "<group>"; };
		7B565F0F1A92486F00D6A420 /* OtherbuTests.m */ = {isa = PBXFileReference; lastKnownFileType = sourcecode.c.objc; path = OtherbuTests.m; sourceTree = "<group>"; };
		7B565F191A9249FA00D6A420 /* BookmarkData.h */ = {isa = PBXFileReference; fileEncoding = 4; lastKnownFileType = sourcecode.c.h; path = BookmarkData.h; sourceTree = "<group>"; };
		7B565F1A1A9249FA00D6A420 /* BookmarkData.m */ = {isa = PBXFileReference; fileEncoding = 4; lastKnownFileType = sourcecode.c.objc; path = BookmarkData.m; sourceTree = "<group>"; };
		7B565F1B1A9249FA00D6A420 /* CategoryData.h */ = {isa = PBXFileReference; fileEncoding = 4; lastKnownFileType = sourcecode.c.h; path = CategoryData.h; sourceTree = "<group>"; };
		7B565F1C1A9249FA00D6A420 /* CategoryData.m */ = {isa = PBXFileReference; fileEncoding = 4; lastKnownFileType = sourcecode.c.objc; path = CategoryData.m; sourceTree = "<group>"; };
		7B565F1D1A9249FA00D6A420 /* DataManager.h */ = {isa = PBXFileReference; fileEncoding = 4; lastKnownFileType = sourcecode.c.h; path = DataManager.h; sourceTree = "<group>"; };
		7B565F1E1A9249FA00D6A420 /* DataManager.m */ = {isa = PBXFileReference; fileEncoding = 4; lastKnownFileType = sourcecode.c.objc; path = DataManager.m; sourceTree = "<group>"; };
		7B565F1F1A9249FA00D6A420 /* PageData.h */ = {isa = PBXFileReference; fileEncoding = 4; lastKnownFileType = sourcecode.c.h; path = PageData.h; sourceTree = "<group>"; };
		7B565F201A9249FA00D6A420 /* PageData.m */ = {isa = PBXFileReference; fileEncoding = 4; lastKnownFileType = sourcecode.c.objc; path = PageData.m; sourceTree = "<group>"; };
/* End PBXFileReference section */

/* Begin PBXFrameworksBuildPhase section */
		7B565EED1A92486F00D6A420 /* Frameworks */ = {
			isa = PBXFrameworksBuildPhase;
			buildActionMask = 2147483647;
			files = (
			);
			runOnlyForDeploymentPostprocessing = 0;
		};
		7B565F061A92486F00D6A420 /* Frameworks */ = {
			isa = PBXFrameworksBuildPhase;
			buildActionMask = 2147483647;
			files = (
			);
			runOnlyForDeploymentPostprocessing = 0;
		};
/* End PBXFrameworksBuildPhase section */

/* Begin PBXGroup section */
		7B565EE71A92486F00D6A420 = {
			isa = PBXGroup;
			children = (
				7B565EF21A92486F00D6A420 /* Otherbu */,
				7B565F0C1A92486F00D6A420 /* OtherbuTests */,
				7B565EF11A92486F00D6A420 /* Products */,
			);
			sourceTree = "<group>";
		};
		7B565EF11A92486F00D6A420 /* Products */ = {
			isa = PBXGroup;
			children = (
				7B565EF01A92486F00D6A420 /* Otherbu.app */,
				7B565F091A92486F00D6A420 /* OtherbuTests.xctest */,
			);
			name = Products;
			sourceTree = "<group>";
		};
		7B565EF21A92486F00D6A420 /* Otherbu */ = {
			isa = PBXGroup;
			children = (
				7B565EF71A92486F00D6A420 /* AppDelegate.h */,
				7B565EF81A92486F00D6A420 /* AppDelegate.m */,
				7B565F251A924A1000D6A420 /* Model */,
				7B565EFA1A92486F00D6A420 /* ViewController.h */,
				7B565EFB1A92486F00D6A420 /* ViewController.m */,
				7B565EFD1A92486F00D6A420 /* Main.storyboard */,
				7B565F001A92486F00D6A420 /* Images.xcassets */,
				7B565F021A92486F00D6A420 /* LaunchScreen.xib */,
				7B565EF31A92486F00D6A420 /* Supporting Files */,
			);
			path = Otherbu;
			sourceTree = "<group>";
		};
		7B565EF31A92486F00D6A420 /* Supporting Files */ = {
			isa = PBXGroup;
			children = (
				7B565EF41A92486F00D6A420 /* Info.plist */,
				7B565EF51A92486F00D6A420 /* main.m */,
			);
			name = "Supporting Files";
			sourceTree = "<group>";
		};
		7B565F0C1A92486F00D6A420 /* OtherbuTests */ = {
			isa = PBXGroup;
			children = (
				7B565F0F1A92486F00D6A420 /* OtherbuTests.m */,
				7B565F0D1A92486F00D6A420 /* Supporting Files */,
			);
			path = OtherbuTests;
			sourceTree = "<group>";
		};
		7B565F0D1A92486F00D6A420 /* Supporting Files */ = {
			isa = PBXGroup;
			children = (
				7B565F0E1A92486F00D6A420 /* Info.plist */,
			);
			name = "Supporting Files";
			sourceTree = "<group>";
		};
		7B565F251A924A1000D6A420 /* Model */ = {
			isa = PBXGroup;
			children = (
				7B565F201A9249FA00D6A420 /* PageData.m */,
				7B565F1F1A9249FA00D6A420 /* PageData.h */,
				7B565F1E1A9249FA00D6A420 /* DataManager.m */,
				7B565F1D1A9249FA00D6A420 /* DataManager.h */,
				7B565F1C1A9249FA00D6A420 /* CategoryData.m */,
				7B565F1B1A9249FA00D6A420 /* CategoryData.h */,
				7B565F1A1A9249FA00D6A420 /* BookmarkData.m */,
				7B565F191A9249FA00D6A420 /* BookmarkData.h */,
			);
			name = Model;
			sourceTree = "<group>";
		};
/* End PBXGroup section */

/* Begin PBXNativeTarget section */
		7B565EEF1A92486F00D6A420 /* Otherbu */ = {
			isa = PBXNativeTarget;
			buildConfigurationList = 7B565F131A92487000D6A420 /* Build configuration list for PBXNativeTarget "Otherbu" */;
			buildPhases = (
				7B565EEC1A92486F00D6A420 /* Sources */,
				7B565EED1A92486F00D6A420 /* Frameworks */,
				7B565EEE1A92486F00D6A420 /* Resources */,
			);
			buildRules = (
			);
			dependencies = (
			);
			name = Otherbu;
			productName = Otherbu;
			productReference = 7B565EF01A92486F00D6A420 /* Otherbu.app */;
			productType = "com.apple.product-type.application";
		};
		7B565F081A92486F00D6A420 /* OtherbuTests */ = {
			isa = PBXNativeTarget;
			buildConfigurationList = 7B565F161A92487000D6A420 /* Build configuration list for PBXNativeTarget "OtherbuTests" */;
			buildPhases = (
				7B565F051A92486F00D6A420 /* Sources */,
				7B565F061A92486F00D6A420 /* Frameworks */,
				7B565F071A92486F00D6A420 /* Resources */,
			);
			buildRules = (
			);
			dependencies = (
				7B565F0B1A92486F00D6A420 /* PBXTargetDependency */,
			);
			name = OtherbuTests;
			productName = OtherbuTests;
			productReference = 7B565F091A92486F00D6A420 /* OtherbuTests.xctest */;
			productType = "com.apple.product-type.bundle.unit-test";
		};
/* End PBXNativeTarget section */

/* Begin PBXProject section */
		7B565EE81A92486F00D6A420 /* Project object */ = {
			isa = PBXProject;
			attributes = {
				LastUpgradeCheck = 0610;
				ORGANIZATIONNAME = fujimisakari;
				TargetAttributes = {
					7B565EEF1A92486F00D6A420 = {
						CreatedOnToolsVersion = 6.1.1;
					};
					7B565F081A92486F00D6A420 = {
						CreatedOnToolsVersion = 6.1.1;
						TestTargetID = 7B565EEF1A92486F00D6A420;
					};
				};
			};
			buildConfigurationList = 7B565EEB1A92486F00D6A420 /* Build configuration list for PBXProject "Otherbu" */;
			compatibilityVersion = "Xcode 3.2";
			developmentRegion = English;
			hasScannedForEncodings = 0;
			knownRegions = (
				en,
				Base,
			);
			mainGroup = 7B565EE71A92486F00D6A420;
			productRefGroup = 7B565EF11A92486F00D6A420 /* Products */;
			projectDirPath = "";
			projectRoot = "";
			targets = (
				7B565EEF1A92486F00D6A420 /* Otherbu */,
				7B565F081A92486F00D6A420 /* OtherbuTests */,
			);
		};
/* End PBXProject section */

/* Begin PBXResourcesBuildPhase section */
		7B565EEE1A92486F00D6A420 /* Resources */ = {
			isa = PBXResourcesBuildPhase;
			buildActionMask = 2147483647;
			files = (
				7B565EFF1A92486F00D6A420 /* Main.storyboard in Resources */,
				7B565F041A92486F00D6A420 /* LaunchScreen.xib in Resources */,
				7B565F011A92486F00D6A420 /* Images.xcassets in Resources */,
			);
			runOnlyForDeploymentPostprocessing = 0;
		};
		7B565F071A92486F00D6A420 /* Resources */ = {
			isa = PBXResourcesBuildPhase;
			buildActionMask = 2147483647;
			files = (
			);
			runOnlyForDeploymentPostprocessing = 0;
		};
/* End PBXResourcesBuildPhase section */

/* Begin PBXSourcesBuildPhase section */
		7B565EEC1A92486F00D6A420 /* Sources */ = {
			isa = PBXSourcesBuildPhase;
			buildActionMask = 2147483647;
			files = (
				7B565F241A9249FA00D6A420 /* PageData.m in Sources */,
				7B565EFC1A92486F00D6A420 /* ViewController.m in Sources */,
				7B565F231A9249FA00D6A420 /* DataManager.m in Sources */,
				7B565F221A9249FA00D6A420 /* CategoryData.m in Sources */,
				7B565F211A9249FA00D6A420 /* BookmarkData.m in Sources */,
				7B565EF91A92486F00D6A420 /* AppDelegate.m in Sources */,
				7B565EF61A92486F00D6A420 /* main.m in Sources */,
			);
			runOnlyForDeploymentPostprocessing = 0;
		};
		7B565F051A92486F00D6A420 /* Sources */ = {
			isa = PBXSourcesBuildPhase;
			buildActionMask = 2147483647;
			files = (
				7B565F101A92486F00D6A420 /* OtherbuTests.m in Sources */,
			);
			runOnlyForDeploymentPostprocessing = 0;
		};
/* End PBXSourcesBuildPhase section */

/* Begin PBXTargetDependency section */
		7B565F0B1A92486F00D6A420 /* PBXTargetDependency */ = {
			isa = PBXTargetDependency;
			target = 7B565EEF1A92486F00D6A420 /* Otherbu */;
			targetProxy = 7B565F0A1A92486F00D6A420 /* PBXContainerItemProxy */;
		};
/* End PBXTargetDependency section */

/* Begin PBXVariantGroup section */
		7B565EFD1A92486F00D6A420 /* Main.storyboard */ = {
			isa = PBXVariantGroup;
			children = (
				7B565EFE1A92486F00D6A420 /* Base */,
			);
			name = Main.storyboard;
			sourceTree = "<group>";
		};
		7B565F021A92486F00D6A420 /* LaunchScreen.xib */ = {
			isa = PBXVariantGroup;
			children = (
				7B565F031A92486F00D6A420 /* Base */,
			);
			name = LaunchScreen.xib;
			sourceTree = "<group>";
		};
/* End PBXVariantGroup section */

/* Begin XCBuildConfiguration section */
		7B565F111A92486F00D6A420 /* Debug */ = {
			isa = XCBuildConfiguration;
			buildSettings = {
				ALWAYS_SEARCH_USER_PATHS = NO;
				CLANG_CXX_LANGUAGE_STANDARD = "gnu++0x";
				CLANG_CXX_LIBRARY = "libc++";
				CLANG_ENABLE_MODULES = YES;
				CLANG_ENABLE_OBJC_ARC = YES;
				CLANG_WARN_BOOL_CONVERSION = YES;
				CLANG_WARN_CONSTANT_CONVERSION = YES;
				CLANG_WARN_DIRECT_OBJC_ISA_USAGE = YES_ERROR;
				CLANG_WARN_EMPTY_BODY = YES;
				CLANG_WARN_ENUM_CONVERSION = YES;
				CLANG_WARN_INT_CONVERSION = YES;
				CLANG_WARN_OBJC_ROOT_CLASS = YES_ERROR;
				CLANG_WARN_UNREACHABLE_CODE = YES;
				CLANG_WARN__DUPLICATE_METHOD_MATCH = YES;
				"CODE_SIGN_IDENTITY[sdk=iphoneos*]" = "iPhone Developer";
				COPY_PHASE_STRIP = NO;
				ENABLE_STRICT_OBJC_MSGSEND = YES;
				GCC_C_LANGUAGE_STANDARD = gnu99;
				GCC_DYNAMIC_NO_PIC = NO;
				GCC_OPTIMIZATION_LEVEL = 0;
				GCC_PREPROCESSOR_DEFINITIONS = (
					"DEBUG=1",
					"$(inherited)",
				);
				GCC_SYMBOLS_PRIVATE_EXTERN = NO;
				GCC_WARN_64_TO_32_BIT_CONVERSION = YES;
				GCC_WARN_ABOUT_RETURN_TYPE = YES_ERROR;
				GCC_WARN_UNDECLARED_SELECTOR = YES;
				GCC_WARN_UNINITIALIZED_AUTOS = YES_AGGRESSIVE;
				GCC_WARN_UNUSED_FUNCTION = YES;
				GCC_WARN_UNUSED_VARIABLE = YES;
				IPHONEOS_DEPLOYMENT_TARGET = 8.1;
				MTL_ENABLE_DEBUG_INFO = YES;
				ONLY_ACTIVE_ARCH = YES;
				SDKROOT = iphoneos;
				TARGETED_DEVICE_FAMILY = "1,2";
			};
			name = Debug;
		};
		7B565F121A92486F00D6A420 /* Release */ = {
			isa = XCBuildConfiguration;
			buildSettings = {
				ALWAYS_SEARCH_USER_PATHS = NO;
				CLANG_CXX_LANGUAGE_STANDARD = "gnu++0x";
				CLANG_CXX_LIBRARY = "libc++";
				CLANG_ENABLE_MODULES = YES;
				CLANG_ENABLE_OBJC_ARC = YES;
				CLANG_WARN_BOOL_CONVERSION = YES;
				CLANG_WARN_CONSTANT_CONVERSION = YES;
				CLANG_WARN_DIRECT_OBJC_ISA_USAGE = YES_ERROR;
				CLANG_WARN_EMPTY_BODY = YES;
				CLANG_WARN_ENUM_CONVERSION = YES;
				CLANG_WARN_INT_CONVERSION = YES;
				CLANG_WARN_OBJC_ROOT_CLASS = YES_ERROR;
				CLANG_WARN_UNREACHABLE_CODE = YES;
				CLANG_WARN__DUPLICATE_METHOD_MATCH = YES;
				"CODE_SIGN_IDENTITY[sdk=iphoneos*]" = "iPhone Developer";
				COPY_PHASE_STRIP = YES;
				ENABLE_NS_ASSERTIONS = NO;
				ENABLE_STRICT_OBJC_MSGSEND = YES;
				GCC_C_LANGUAGE_STANDARD = gnu99;
				GCC_WARN_64_TO_32_BIT_CONVERSION = YES;
				GCC_WARN_ABOUT_RETURN_TYPE = YES_ERROR;
				GCC_WARN_UNDECLARED_SELECTOR = YES;
				GCC_WARN_UNINITIALIZED_AUTOS = YES_AGGRESSIVE;
				GCC_WARN_UNUSED_FUNCTION = YES;
				GCC_WARN_UNUSED_VARIABLE = YES;
				IPHONEOS_DEPLOYMENT_TARGET = 8.1;
				MTL_ENABLE_DEBUG_INFO = NO;
				SDKROOT = iphoneos;
				TARGETED_DEVICE_FAMILY = "1,2";
				VALIDATE_PRODUCT = YES;
			};
			name = Release;
		};
		7B565F141A92487000D6A420 /* Debug */ = {
			isa = XCBuildConfiguration;
			buildSettings = {
				ASSETCATALOG_COMPILER_APPICON_NAME = AppIcon;
				INFOPLIST_FILE = Otherbu/Info.plist;
				LD_RUNPATH_SEARCH_PATHS = "$(inherited) @executable_path/Frameworks";
				PRODUCT_NAME = "$(TARGET_NAME)";
			};
			name = Debug;
		};
		7B565F151A92487000D6A420 /* Release */ = {
			isa = XCBuildConfiguration;
			buildSettings = {
				ASSETCATALOG_COMPILER_APPICON_NAME = AppIcon;
				INFOPLIST_FILE = Otherbu/Info.plist;
				LD_RUNPATH_SEARCH_PATHS = "$(inherited) @executable_path/Frameworks";
				PRODUCT_NAME = "$(TARGET_NAME)";
			};
			name = Release;
		};
		7B565F171A92487000D6A420 /* Debug */ = {
			isa = XCBuildConfiguration;
			buildSettings = {
				BUNDLE_LOADER = "$(TEST_HOST)";
				FRAMEWORK_SEARCH_PATHS = (
					"$(SDKROOT)/Developer/Library/Frameworks",
					"$(inherited)",
				);
				GCC_PREPROCESSOR_DEFINITIONS = (
					"DEBUG=1",
					"$(inherited)",
				);
				INFOPLIST_FILE = OtherbuTests/Info.plist;
				LD_RUNPATH_SEARCH_PATHS = "$(inherited) @executable_path/Frameworks @loader_path/Frameworks";
				PRODUCT_NAME = "$(TARGET_NAME)";
				TEST_HOST = "$(BUILT_PRODUCTS_DIR)/Otherbu.app/Otherbu";
			};
			name = Debug;
		};
		7B565F181A92487000D6A420 /* Release */ = {
			isa = XCBuildConfiguration;
			buildSettings = {
				BUNDLE_LOADER = "$(TEST_HOST)";
				FRAMEWORK_SEARCH_PATHS = (
					"$(SDKROOT)/Developer/Library/Frameworks",
					"$(inherited)",
				);
				INFOPLIST_FILE = OtherbuTests/Info.plist;
				LD_RUNPATH_SEARCH_PATHS = "$(inherited) @executable_path/Frameworks @loader_path/Frameworks";
				PRODUCT_NAME = "$(TARGET_NAME)";
				TEST_HOST = "$(BUILT_PRODUCTS_DIR)/Otherbu.app/Otherbu";
			};
			name = Release;
		};
/* End XCBuildConfiguration section */

/* Begin XCConfigurationList section */
		7B565EEB1A92486F00D6A420 /* Build configuration list for PBXProject "Otherbu" */ = {
			isa = XCConfigurationList;
			buildConfigurations = (
				7B565F111A92486F00D6A420 /* Debug */,
				7B565F121A92486F00D6A420 /* Release */,
			);
			defaultConfigurationIsVisible = 0;
			defaultConfigurationName = Release;
		};
		7B565F131A92487000D6A420 /* Build configuration list for PBXNativeTarget "Otherbu" */ = {
			isa = XCConfigurationList;
			buildConfigurations = (
				7B565F141A92487000D6A420 /* Debug */,
				7B565F151A92487000D6A420 /* Release */,
			);
			defaultConfigurationIsVisible = 0;
		};
		7B565F161A92487000D6A420 /* Build configuration list for PBXNativeTarget "OtherbuTests" */ = {
			isa = XCConfigurationList;
			buildConfigurations = (
				7B565F171A92487000D6A420 /* Debug */,
				7B565F181A92487000D6A420 /* Release */,
			);
			defaultConfigurationIsVisible = 0;
		};
/* End XCConfigurationList section */
	};
	rootObject = 7B565EE81A92486F00D6A420 /* Project object */;
}
