// !$*UTF8*$!
{
	archiveVersion = 1;
	classes = {
	};
	objectVersion = 46;
	objects = {

/* Begin PBXBuildFile section */
		590F230F1AA81F4900589E7C /* wood-wallpeper.jpg in Resources */ = {isa = PBXBuildFile; fileRef = 590F230E1AA81F4900589E7C /* wood-wallpeper.jpg */; };
		7B565EFF1A92486F00D6A420 /* Main.storyboard in Resources */ = {isa = PBXBuildFile; fileRef = 7B565EFD1A92486F00D6A420 /* Main.storyboard */; };
		7B565F041A92486F00D6A420 /* LaunchScreen.xib in Resources */ = {isa = PBXBuildFile; fileRef = 7B565F021A92486F00D6A420 /* LaunchScreen.xib */; };
		7B565F101A92486F00D6A420 /* OtherbuTests.m in Sources */ = {isa = PBXBuildFile; fileRef = 7B565F0F1A92486F00D6A420 /* OtherbuTests.m */; };
		7B9085A01ADED87A00456102 /* ModalBKViewController.m in Sources */ = {isa = PBXBuildFile; fileRef = 7B90859F1ADED87A00456102 /* ModalBKViewController.m */; };
		7B9085A61ADEE04F00456102 /* ModalBaseView.m in Sources */ = {isa = PBXBuildFile; fileRef = 7B9085A51ADEE04F00456102 /* ModalBaseView.m */; };
		7B9085A91ADEE57300456102 /* ModalBKView.m in Sources */ = {isa = PBXBuildFile; fileRef = 7B9085A81ADEE57300456102 /* ModalBKView.m */; };
		7BA8706D1AD9B37A00DB251D /* Images.xcassets in Resources */ = {isa = PBXBuildFile; fileRef = 7BA8706C1AD9B37A00DB251D /* Images.xcassets */; };
		7BB320F91AE1FAB3005267EC /* Device.m in Sources */ = {isa = PBXBuildFile; fileRef = 7BB320F81AE1FAB3005267EC /* Device.m */; };
		7BB320FC1AE29A35005267EC /* MainAlertController.m in Sources */ = {isa = PBXBuildFile; fileRef = 7BB320FB1AE29A35005267EC /* MainAlertController.m */; };
		7BFDDF161AD9AB3200DD60EF /* AppDelegate.m in Sources */ = {isa = PBXBuildFile; fileRef = 7BFDDF151AD9AB3200DD60EF /* AppDelegate.m */; };
		7BFDDF191AD9AB5C00DD60EF /* MainViewController.m in Sources */ = {isa = PBXBuildFile; fileRef = 7BFDDF181AD9AB5C00DD60EF /* MainViewController.m */; };
		7BFDDF261AD9AB8100DD60EF /* InnerTableView.m in Sources */ = {isa = PBXBuildFile; fileRef = 7BFDDF1B1AD9AB8100DD60EF /* InnerTableView.m */; };
		7BFDDF271AD9AB8100DD60EF /* MainScrollView.m in Sources */ = {isa = PBXBuildFile; fileRef = 7BFDDF1D1AD9AB8100DD60EF /* MainScrollView.m */; };
		7BFDDF281AD9AB8100DD60EF /* MainTableCellView.m in Sources */ = {isa = PBXBuildFile; fileRef = 7BFDDF1F1AD9AB8100DD60EF /* MainTableCellView.m */; };
		7BFDDF291AD9AB8100DD60EF /* NavigationBar.m in Sources */ = {isa = PBXBuildFile; fileRef = 7BFDDF211AD9AB8100DD60EF /* NavigationBar.m */; };
		7BFDDF2A1AD9AB8100DD60EF /* PageTabView.m in Sources */ = {isa = PBXBuildFile; fileRef = 7BFDDF231AD9AB8100DD60EF /* PageTabView.m */; };
		7BFDDF2B1AD9AB8100DD60EF /* SectionHeaderView.m in Sources */ = {isa = PBXBuildFile; fileRef = 7BFDDF251AD9AB8100DD60EF /* SectionHeaderView.m */; };
		7BFDDF2E1AD9ABC000DD60EF /* ModalViewController.m in Sources */ = {isa = PBXBuildFile; fileRef = 7BFDDF2D1AD9ABC000DD60EF /* ModalViewController.m */; };
		7BFDDF311AD9ABD000DD60EF /* ModalView.m in Sources */ = {isa = PBXBuildFile; fileRef = 7BFDDF301AD9ABD000DD60EF /* ModalView.m */; };
		7BFDDF341AD9ABF200DD60EF /* WebViewController.m in Sources */ = {isa = PBXBuildFile; fileRef = 7BFDDF331AD9ABF200DD60EF /* WebViewController.m */; };
		7BFDDF371AD9AC0400DD60EF /* CustomWebView.m in Sources */ = {isa = PBXBuildFile; fileRef = 7BFDDF361AD9AC0400DD60EF /* CustomWebView.m */; };
		7BFDDF4F1AD9AC3500DD60EF /* DesiginViewController.m in Sources */ = {isa = PBXBuildFile; fileRef = 7BFDDF3B1AD9AC3500DD60EF /* DesiginViewController.m */; };
		7BFDDF511AD9AC3500DD60EF /* SettingBaseTableViewController.m in Sources */ = {isa = PBXBuildFile; fileRef = 7BFDDF3F1AD9AC3500DD60EF /* SettingBaseTableViewController.m */; };
		7BFDDF521AD9AC3500DD60EF /* BookmarkTableViewController.m in Sources */ = {isa = PBXBuildFile; fileRef = 7BFDDF411AD9AC3500DD60EF /* BookmarkTableViewController.m */; };
		7BFDDF531AD9AC3500DD60EF /* CategoryListTableViewController.m in Sources */ = {isa = PBXBuildFile; fileRef = 7BFDDF431AD9AC3500DD60EF /* CategoryListTableViewController.m */; };
		7BFDDF541AD9AC3500DD60EF /* EditPageTableViewController.m in Sources */ = {isa = PBXBuildFile; fileRef = 7BFDDF451AD9AC3500DD60EF /* EditPageTableViewController.m */; };
		7BFDDF551AD9AC3500DD60EF /* SettingNavigationViewController.m in Sources */ = {isa = PBXBuildFile; fileRef = 7BFDDF471AD9AC3500DD60EF /* SettingNavigationViewController.m */; };
		7BFDDF561AD9AC3500DD60EF /* PageListTableViewController.m in Sources */ = {isa = PBXBuildFile; fileRef = 7BFDDF491AD9AC3500DD60EF /* PageListTableViewController.m */; };
		7BFDDF571AD9AC3500DD60EF /* SelectCategoryTableViewController.m in Sources */ = {isa = PBXBuildFile; fileRef = 7BFDDF4B1AD9AC3500DD60EF /* SelectCategoryTableViewController.m */; };
		7BFDDF581AD9AC3500DD60EF /* SettingTableViewController.m in Sources */ = {isa = PBXBuildFile; fileRef = 7BFDDF4D1AD9AC3500DD60EF /* SettingTableViewController.m */; };
		7BFDDF5B1AD9AC4A00DD60EF /* SettingTableViewCell.m in Sources */ = {isa = PBXBuildFile; fileRef = 7BFDDF5A1AD9AC4A00DD60EF /* SettingTableViewCell.m */; };
		7BFDDF611AD9AC6F00DD60EF /* DataManager.m in Sources */ = {isa = PBXBuildFile; fileRef = 7BFDDF5E1AD9AC6F00DD60EF /* DataManager.m */; };
		7BFDDF621AD9AC6F00DD60EF /* OtherbuAPIClient.m in Sources */ = {isa = PBXBuildFile; fileRef = 7BFDDF601AD9AC6F00DD60EF /* OtherbuAPIClient.m */; };
		7BFDDF6F1AD9AC8400DD60EF /* BookmarkData.m in Sources */ = {isa = PBXBuildFile; fileRef = 7BFDDF641AD9AC8400DD60EF /* BookmarkData.m */; };
		7BFDDF701AD9AC8400DD60EF /* CategoryData.m in Sources */ = {isa = PBXBuildFile; fileRef = 7BFDDF661AD9AC8400DD60EF /* CategoryData.m */; };
		7BFDDF711AD9AC8400DD60EF /* ColorData.m in Sources */ = {isa = PBXBuildFile; fileRef = 7BFDDF681AD9AC8400DD60EF /* ColorData.m */; };
		7BFDDF721AD9AC8400DD60EF /* DesignData.m in Sources */ = {isa = PBXBuildFile; fileRef = 7BFDDF6A1AD9AC8400DD60EF /* DesignData.m */; };
		7BFDDF731AD9AC8400DD60EF /* PageData.m in Sources */ = {isa = PBXBuildFile; fileRef = 7BFDDF6C1AD9AC8400DD60EF /* PageData.m */; };
		7BFDDF741AD9AC8400DD60EF /* UserData.m in Sources */ = {isa = PBXBuildFile; fileRef = 7BFDDF6E1AD9AC8400DD60EF /* UserData.m */; };
		7BFDDF7B1AD9ACD300DD60EF /* Constants.m in Sources */ = {isa = PBXBuildFile; fileRef = 7BFDDF761AD9ACD300DD60EF /* Constants.m */; };
		7BFDDF7C1AD9ACD300DD60EF /* Helper.m in Sources */ = {isa = PBXBuildFile; fileRef = 7BFDDF781AD9ACD300DD60EF /* Helper.m */; };
		7BFDDF7D1AD9ACD300DD60EF /* UIColor+Hex.m in Sources */ = {isa = PBXBuildFile; fileRef = 7BFDDF7A1AD9ACD300DD60EF /* UIColor+Hex.m */; };
		7BFDDF811AD9AD1800DD60EF /* main.m in Sources */ = {isa = PBXBuildFile; fileRef = 7BFDDF7F1AD9AD1800DD60EF /* main.m */; };
		C598670734C75CA12CEEA2B7 /* libPods.a in Frameworks */ = {isa = PBXBuildFile; fileRef = 7EAE3DF2804B4E2305DACDCD /* libPods.a */; };
/* End PBXBuildFile section */

/* Begin PBXContainerItemProxy section */
		7B565F0A1A92486F00D6A420 /* PBXContainerItemProxy */ = {
			isa = PBXContainerItemProxy;
			containerPortal = 7B565EE81A92486F00D6A420 /* Project object */;
			proxyType = 1;
			remoteGlobalIDString = 7B565EEF1A92486F00D6A420;
			remoteInfo = Otherbu;
		};
/* End PBXContainerItemProxy section */

/* Begin PBXFileReference section */
		590F230E1AA81F4900589E7C /* wood-wallpeper.jpg */ = {isa = PBXFileReference; lastKnownFileType = image.jpeg; path = "wood-wallpeper.jpg"; sourceTree = "<group>"; };
		7B565EF01A92486F00D6A420 /* Otherbu.app */ = {isa = PBXFileReference; explicitFileType = wrapper.application; includeInIndex = 0; path = Otherbu.app; sourceTree = BUILT_PRODUCTS_DIR; };
		7B565EFE1A92486F00D6A420 /* Base */ = {isa = PBXFileReference; lastKnownFileType = file.storyboard; name = Base; path = Base.lproj/Main.storyboard; sourceTree = "<group>"; };
		7B565F031A92486F00D6A420 /* Base */ = {isa = PBXFileReference; lastKnownFileType = file.xib; name = Base; path = Base.lproj/LaunchScreen.xib; sourceTree = "<group>"; };
		7B565F091A92486F00D6A420 /* OtherbuTests.xctest */ = {isa = PBXFileReference; explicitFileType = wrapper.cfbundle; includeInIndex = 0; path = OtherbuTests.xctest; sourceTree = BUILT_PRODUCTS_DIR; };
		7B565F0E1A92486F00D6A420 /* Info.plist */ = {isa = PBXFileReference; lastKnownFileType = text.plist.xml; path = Info.plist; sourceTree = "<group>"; };
		7B565F0F1A92486F00D6A420 /* OtherbuTests.m */ = {isa = PBXFileReference; lastKnownFileType = sourcecode.c.objc; path = OtherbuTests.m; sourceTree = "<group>"; };
		7B90859E1ADED87A00456102 /* ModalBKViewController.h */ = {isa = PBXFileReference; fileEncoding = 4; lastKnownFileType = sourcecode.c.h; name = ModalBKViewController.h; path = Classes/EditModalScene/Controller/ModalBKViewController.h; sourceTree = "<group>"; };
		7B90859F1ADED87A00456102 /* ModalBKViewController.m */ = {isa = PBXFileReference; fileEncoding = 4; lastKnownFileType = sourcecode.c.objc; name = ModalBKViewController.m; path = Classes/EditModalScene/Controller/ModalBKViewController.m; sourceTree = "<group>"; };
		7B9085A41ADEE04F00456102 /* ModalBaseView.h */ = {isa = PBXFileReference; fileEncoding = 4; lastKnownFileType = sourcecode.c.h; name = ModalBaseView.h; path = Classes/EditModalScene/View/ModalBaseView.h; sourceTree = "<group>"; };
		7B9085A51ADEE04F00456102 /* ModalBaseView.m */ = {isa = PBXFileReference; fileEncoding = 4; lastKnownFileType = sourcecode.c.objc; name = ModalBaseView.m; path = Classes/EditModalScene/View/ModalBaseView.m; sourceTree = "<group>"; };
		7B9085A71ADEE57300456102 /* ModalBKView.h */ = {isa = PBXFileReference; fileEncoding = 4; lastKnownFileType = sourcecode.c.h; name = ModalBKView.h; path = Classes/EditModalScene/View/ModalBKView.h; sourceTree = "<group>"; };
		7B9085A81ADEE57300456102 /* ModalBKView.m */ = {isa = PBXFileReference; fileEncoding = 4; lastKnownFileType = sourcecode.c.objc; name = ModalBKView.m; path = Classes/EditModalScene/View/ModalBKView.m; sourceTree = "<group>"; };
		7B9085AC1ADFFDFE00456102 /* ModalInterface.h */ = {isa = PBXFileReference; fileEncoding = 4; lastKnownFileType = sourcecode.c.h; name = ModalInterface.h; path = Classes/EditModalScene/Controller/ModalInterface.h; sourceTree = "<group>"; };
		7BA8706C1AD9B37A00DB251D /* Images.xcassets */ = {isa = PBXFileReference; lastKnownFileType = folder.assetcatalog; path = Images.xcassets; sourceTree = "<group>"; };
		7BB320F71AE1FAB3005267EC /* Device.h */ = {isa = PBXFileReference; fileEncoding = 4; lastKnownFileType = sourcecode.c.h; name = Device.h; path = Classes/SupportingFiles/Device.h; sourceTree = "<group>"; };
		7BB320F81AE1FAB3005267EC /* Device.m */ = {isa = PBXFileReference; fileEncoding = 4; lastKnownFileType = sourcecode.c.objc; name = Device.m; path = Classes/SupportingFiles/Device.m; sourceTree = "<group>"; };
		7BB320FA1AE29A35005267EC /* MainAlertController.h */ = {isa = PBXFileReference; fileEncoding = 4; lastKnownFileType = sourcecode.c.h; name = MainAlertController.h; path = Classes/MainScene/Controller/MainAlertController.h; sourceTree = "<group>"; };
		7BB320FB1AE29A35005267EC /* MainAlertController.m */ = {isa = PBXFileReference; fileEncoding = 4; lastKnownFileType = sourcecode.c.objc; name = MainAlertController.m; path = Classes/MainScene/Controller/MainAlertController.m; sourceTree = "<group>"; };
		7BFDDEE91AD9A50100DD60EF /* Otherbu-Prefix.pch */ = {isa = PBXFileReference; fileEncoding = 4; lastKnownFileType = sourcecode.c.h; path = "Otherbu-Prefix.pch"; sourceTree = "<group>"; };
		7BFDDF141AD9AB3200DD60EF /* AppDelegate.h */ = {isa = PBXFileReference; fileEncoding = 4; lastKnownFileType = sourcecode.c.h; name = AppDelegate.h; path = Classes/AppDelegate.h; sourceTree = "<group>"; };
		7BFDDF151AD9AB3200DD60EF /* AppDelegate.m */ = {isa = PBXFileReference; fileEncoding = 4; lastKnownFileType = sourcecode.c.objc; name = AppDelegate.m; path = Classes/AppDelegate.m; sourceTree = "<group>"; };
		7BFDDF171AD9AB5C00DD60EF /* MainViewController.h */ = {isa = PBXFileReference; fileEncoding = 4; lastKnownFileType = sourcecode.c.h; name = MainViewController.h; path = Classes/MainScene/Controller/MainViewController.h; sourceTree = "<group>"; };
		7BFDDF181AD9AB5C00DD60EF /* MainViewController.m */ = {isa = PBXFileReference; fileEncoding = 4; lastKnownFileType = sourcecode.c.objc; name = MainViewController.m; path = Classes/MainScene/Controller/MainViewController.m; sourceTree = "<group>"; };
		7BFDDF1A1AD9AB8100DD60EF /* InnerTableView.h */ = {isa = PBXFileReference; fileEncoding = 4; lastKnownFileType = sourcecode.c.h; name = InnerTableView.h; path = Classes/MainScene/View/InnerTableView.h; sourceTree = "<group>"; };
		7BFDDF1B1AD9AB8100DD60EF /* InnerTableView.m */ = {isa = PBXFileReference; fileEncoding = 4; lastKnownFileType = sourcecode.c.objc; name = InnerTableView.m; path = Classes/MainScene/View/InnerTableView.m; sourceTree = "<group>"; };
		7BFDDF1C1AD9AB8100DD60EF /* MainScrollView.h */ = {isa = PBXFileReference; fileEncoding = 4; lastKnownFileType = sourcecode.c.h; name = MainScrollView.h; path = Classes/MainScene/View/MainScrollView.h; sourceTree = "<group>"; };
		7BFDDF1D1AD9AB8100DD60EF /* MainScrollView.m */ = {isa = PBXFileReference; fileEncoding = 4; lastKnownFileType = sourcecode.c.objc; name = MainScrollView.m; path = Classes/MainScene/View/MainScrollView.m; sourceTree = "<group>"; };
		7BFDDF1E1AD9AB8100DD60EF /* MainTableCellView.h */ = {isa = PBXFileReference; fileEncoding = 4; lastKnownFileType = sourcecode.c.h; name = MainTableCellView.h; path = Classes/MainScene/View/MainTableCellView.h; sourceTree = "<group>"; };
		7BFDDF1F1AD9AB8100DD60EF /* MainTableCellView.m */ = {isa = PBXFileReference; fileEncoding = 4; lastKnownFileType = sourcecode.c.objc; name = MainTableCellView.m; path = Classes/MainScene/View/MainTableCellView.m; sourceTree = "<group>"; };
		7BFDDF201AD9AB8100DD60EF /* NavigationBar.h */ = {isa = PBXFileReference; fileEncoding = 4; lastKnownFileType = sourcecode.c.h; name = NavigationBar.h; path = Classes/MainScene/View/NavigationBar.h; sourceTree = "<group>"; };
		7BFDDF211AD9AB8100DD60EF /* NavigationBar.m */ = {isa = PBXFileReference; fileEncoding = 4; lastKnownFileType = sourcecode.c.objc; name = NavigationBar.m; path = Classes/MainScene/View/NavigationBar.m; sourceTree = "<group>"; };
		7BFDDF221AD9AB8100DD60EF /* PageTabView.h */ = {isa = PBXFileReference; fileEncoding = 4; lastKnownFileType = sourcecode.c.h; name = PageTabView.h; path = Classes/MainScene/View/PageTabView.h; sourceTree = "<group>"; };
		7BFDDF231AD9AB8100DD60EF /* PageTabView.m */ = {isa = PBXFileReference; fileEncoding = 4; lastKnownFileType = sourcecode.c.objc; name = PageTabView.m; path = Classes/MainScene/View/PageTabView.m; sourceTree = "<group>"; };
		7BFDDF241AD9AB8100DD60EF /* SectionHeaderView.h */ = {isa = PBXFileReference; fileEncoding = 4; lastKnownFileType = sourcecode.c.h; name = SectionHeaderView.h; path = Classes/MainScene/View/SectionHeaderView.h; sourceTree = "<group>"; };
		7BFDDF251AD9AB8100DD60EF /* SectionHeaderView.m */ = {isa = PBXFileReference; fileEncoding = 4; lastKnownFileType = sourcecode.c.objc; name = SectionHeaderView.m; path = Classes/MainScene/View/SectionHeaderView.m; sourceTree = "<group>"; };
		7BFDDF2C1AD9ABC000DD60EF /* ModalViewController.h */ = {isa = PBXFileReference; fileEncoding = 4; lastKnownFileType = sourcecode.c.h; name = ModalViewController.h; path = Classes/EditModalScene/Controller/ModalViewController.h; sourceTree = "<group>"; };
		7BFDDF2D1AD9ABC000DD60EF /* ModalViewController.m */ = {isa = PBXFileReference; fileEncoding = 4; lastKnownFileType = sourcecode.c.objc; name = ModalViewController.m; path = Classes/EditModalScene/Controller/ModalViewController.m; sourceTree = "<group>"; };
		7BFDDF2F1AD9ABD000DD60EF /* ModalView.h */ = {isa = PBXFileReference; fileEncoding = 4; lastKnownFileType = sourcecode.c.h; name = ModalView.h; path = Classes/EditModalScene/View/ModalView.h; sourceTree = "<group>"; };
		7BFDDF301AD9ABD000DD60EF /* ModalView.m */ = {isa = PBXFileReference; fileEncoding = 4; lastKnownFileType = sourcecode.c.objc; name = ModalView.m; path = Classes/EditModalScene/View/ModalView.m; sourceTree = "<group>"; };
		7BFDDF321AD9ABF200DD60EF /* WebViewController.h */ = {isa = PBXFileReference; fileEncoding = 4; lastKnownFileType = sourcecode.c.h; name = WebViewController.h; path = Classes/WebViewScene/Controller/WebViewController.h; sourceTree = "<group>"; };
		7BFDDF331AD9ABF200DD60EF /* WebViewController.m */ = {isa = PBXFileReference; fileEncoding = 4; lastKnownFileType = sourcecode.c.objc; name = WebViewController.m; path = Classes/WebViewScene/Controller/WebViewController.m; sourceTree = "<group>"; };
		7BFDDF351AD9AC0400DD60EF /* CustomWebView.h */ = {isa = PBXFileReference; fileEncoding = 4; lastKnownFileType = sourcecode.c.h; name = CustomWebView.h; path = Classes/WebViewScene/View/CustomWebView.h; sourceTree = "<group>"; };
		7BFDDF361AD9AC0400DD60EF /* CustomWebView.m */ = {isa = PBXFileReference; fileEncoding = 4; lastKnownFileType = sourcecode.c.objc; name = CustomWebView.m; path = Classes/WebViewScene/View/CustomWebView.m; sourceTree = "<group>"; };
		7BFDDF3A1AD9AC3500DD60EF /* DesiginViewController.h */ = {isa = PBXFileReference; fileEncoding = 4; lastKnownFileType = sourcecode.c.h; name = DesiginViewController.h; path = Classes/SettingScene/Controller/DesiginViewController.h; sourceTree = "<group>"; };
		7BFDDF3B1AD9AC3500DD60EF /* DesiginViewController.m */ = {isa = PBXFileReference; fileEncoding = 4; lastKnownFileType = sourcecode.c.objc; name = DesiginViewController.m; path = Classes/SettingScene/Controller/DesiginViewController.m; sourceTree = "<group>"; };
		7BFDDF3E1AD9AC3500DD60EF /* SettingBaseTableViewController.h */ = {isa = PBXFileReference; fileEncoding = 4; lastKnownFileType = sourcecode.c.h; name = SettingBaseTableViewController.h; path = Classes/SettingScene/Controller/SettingBaseTableViewController.h; sourceTree = "<group>"; };
		7BFDDF3F1AD9AC3500DD60EF /* SettingBaseTableViewController.m */ = {isa = PBXFileReference; fileEncoding = 4; lastKnownFileType = sourcecode.c.objc; name = SettingBaseTableViewController.m; path = Classes/SettingScene/Controller/SettingBaseTableViewController.m; sourceTree = "<group>"; };
		7BFDDF401AD9AC3500DD60EF /* BookmarkTableViewController.h */ = {isa = PBXFileReference; fileEncoding = 4; lastKnownFileType = sourcecode.c.h; name = BookmarkTableViewController.h; path = Classes/SettingScene/Controller/BookmarkTableViewController.h; sourceTree = "<group>"; };
		7BFDDF411AD9AC3500DD60EF /* BookmarkTableViewController.m */ = {isa = PBXFileReference; fileEncoding = 4; lastKnownFileType = sourcecode.c.objc; name = BookmarkTableViewController.m; path = Classes/SettingScene/Controller/BookmarkTableViewController.m; sourceTree = "<group>"; };
		7BFDDF421AD9AC3500DD60EF /* CategoryListTableViewController.h */ = {isa = PBXFileReference; fileEncoding = 4; lastKnownFileType = sourcecode.c.h; name = CategoryListTableViewController.h; path = Classes/SettingScene/Controller/CategoryListTableViewController.h; sourceTree = "<group>"; };
		7BFDDF431AD9AC3500DD60EF /* CategoryListTableViewController.m */ = {isa = PBXFileReference; fileEncoding = 4; lastKnownFileType = sourcecode.c.objc; name = CategoryListTableViewController.m; path = Classes/SettingScene/Controller/CategoryListTableViewController.m; sourceTree = "<group>"; };
		7BFDDF441AD9AC3500DD60EF /* EditPageTableViewController.h */ = {isa = PBXFileReference; fileEncoding = 4; lastKnownFileType = sourcecode.c.h; name = EditPageTableViewController.h; path = Classes/SettingScene/Controller/EditPageTableViewController.h; sourceTree = "<group>"; };
		7BFDDF451AD9AC3500DD60EF /* EditPageTableViewController.m */ = {isa = PBXFileReference; fileEncoding = 4; lastKnownFileType = sourcecode.c.objc; name = EditPageTableViewController.m; path = Classes/SettingScene/Controller/EditPageTableViewController.m; sourceTree = "<group>"; };
		7BFDDF461AD9AC3500DD60EF /* SettingNavigationViewController.h */ = {isa = PBXFileReference; fileEncoding = 4; lastKnownFileType = sourcecode.c.h; name = SettingNavigationViewController.h; path = Classes/SettingScene/Controller/SettingNavigationViewController.h; sourceTree = "<group>"; };
		7BFDDF471AD9AC3500DD60EF /* SettingNavigationViewController.m */ = {isa = PBXFileReference; fileEncoding = 4; lastKnownFileType = sourcecode.c.objc; name = SettingNavigationViewController.m; path = Classes/SettingScene/Controller/SettingNavigationViewController.m; sourceTree = "<group>"; };
		7BFDDF481AD9AC3500DD60EF /* PageListTableViewController.h */ = {isa = PBXFileReference; fileEncoding = 4; lastKnownFileType = sourcecode.c.h; name = PageListTableViewController.h; path = Classes/SettingScene/Controller/PageListTableViewController.h; sourceTree = "<group>"; };
		7BFDDF491AD9AC3500DD60EF /* PageListTableViewController.m */ = {isa = PBXFileReference; fileEncoding = 4; lastKnownFileType = sourcecode.c.objc; name = PageListTableViewController.m; path = Classes/SettingScene/Controller/PageListTableViewController.m; sourceTree = "<group>"; };
		7BFDDF4A1AD9AC3500DD60EF /* SelectCategoryTableViewController.h */ = {isa = PBXFileReference; fileEncoding = 4; lastKnownFileType = sourcecode.c.h; name = SelectCategoryTableViewController.h; path = Classes/SettingScene/Controller/SelectCategoryTableViewController.h; sourceTree = "<group>"; };
		7BFDDF4B1AD9AC3500DD60EF /* SelectCategoryTableViewController.m */ = {isa = PBXFileReference; fileEncoding = 4; lastKnownFileType = sourcecode.c.objc; name = SelectCategoryTableViewController.m; path = Classes/SettingScene/Controller/SelectCategoryTableViewController.m; sourceTree = "<group>"; };
		7BFDDF4C1AD9AC3500DD60EF /* SettingTableViewController.h */ = {isa = PBXFileReference; fileEncoding = 4; lastKnownFileType = sourcecode.c.h; name = SettingTableViewController.h; path = Classes/SettingScene/Controller/SettingTableViewController.h; sourceTree = "<group>"; };
		7BFDDF4D1AD9AC3500DD60EF /* SettingTableViewController.m */ = {isa = PBXFileReference; fileEncoding = 4; lastKnownFileType = sourcecode.c.objc; name = SettingTableViewController.m; path = Classes/SettingScene/Controller/SettingTableViewController.m; sourceTree = "<group>"; };
		7BFDDF591AD9AC4A00DD60EF /* SettingTableViewCell.h */ = {isa = PBXFileReference; fileEncoding = 4; lastKnownFileType = sourcecode.c.h; name = SettingTableViewCell.h; path = Classes/SettingScene/View/SettingTableViewCell.h; sourceTree = "<group>"; };
		7BFDDF5A1AD9AC4A00DD60EF /* SettingTableViewCell.m */ = {isa = PBXFileReference; fileEncoding = 4; lastKnownFileType = sourcecode.c.objc; name = SettingTableViewCell.m; path = Classes/SettingScene/View/SettingTableViewCell.m; sourceTree = "<group>"; };
		7BFDDF5C1AD9AC6F00DD60EF /* DataInterface.h */ = {isa = PBXFileReference; fileEncoding = 4; lastKnownFileType = sourcecode.c.h; name = DataInterface.h; path = Classes/Models/DataInterface.h; sourceTree = "<group>"; };
		7BFDDF5D1AD9AC6F00DD60EF /* DataManager.h */ = {isa = PBXFileReference; fileEncoding = 4; lastKnownFileType = sourcecode.c.h; name = DataManager.h; path = Classes/Models/DataManager.h; sourceTree = "<group>"; };
		7BFDDF5E1AD9AC6F00DD60EF /* DataManager.m */ = {isa = PBXFileReference; fileEncoding = 4; lastKnownFileType = sourcecode.c.objc; name = DataManager.m; path = Classes/Models/DataManager.m; sourceTree = "<group>"; };
		7BFDDF5F1AD9AC6F00DD60EF /* OtherbuAPIClient.h */ = {isa = PBXFileReference; fileEncoding = 4; lastKnownFileType = sourcecode.c.h; name = OtherbuAPIClient.h; path = Classes/Models/OtherbuAPIClient.h; sourceTree = "<group>"; };
		7BFDDF601AD9AC6F00DD60EF /* OtherbuAPIClient.m */ = {isa = PBXFileReference; fileEncoding = 4; lastKnownFileType = sourcecode.c.objc; name = OtherbuAPIClient.m; path = Classes/Models/OtherbuAPIClient.m; sourceTree = "<group>"; };
		7BFDDF631AD9AC8400DD60EF /* BookmarkData.h */ = {isa = PBXFileReference; fileEncoding = 4; lastKnownFileType = sourcecode.c.h; name = BookmarkData.h; path = Classes/Models/DataModels/BookmarkData.h; sourceTree = "<group>"; };
		7BFDDF641AD9AC8400DD60EF /* BookmarkData.m */ = {isa = PBXFileReference; fileEncoding = 4; lastKnownFileType = sourcecode.c.objc; name = BookmarkData.m; path = Classes/Models/DataModels/BookmarkData.m; sourceTree = "<group>"; };
		7BFDDF651AD9AC8400DD60EF /* CategoryData.h */ = {isa = PBXFileReference; fileEncoding = 4; lastKnownFileType = sourcecode.c.h; name = CategoryData.h; path = Classes/Models/DataModels/CategoryData.h; sourceTree = "<group>"; };
		7BFDDF661AD9AC8400DD60EF /* CategoryData.m */ = {isa = PBXFileReference; fileEncoding = 4; lastKnownFileType = sourcecode.c.objc; name = CategoryData.m; path = Classes/Models/DataModels/CategoryData.m; sourceTree = "<group>"; };
		7BFDDF671AD9AC8400DD60EF /* ColorData.h */ = {isa = PBXFileReference; fileEncoding = 4; lastKnownFileType = sourcecode.c.h; name = ColorData.h; path = Classes/Models/DataModels/ColorData.h; sourceTree = "<group>"; };
		7BFDDF681AD9AC8400DD60EF /* ColorData.m */ = {isa = PBXFileReference; fileEncoding = 4; lastKnownFileType = sourcecode.c.objc; name = ColorData.m; path = Classes/Models/DataModels/ColorData.m; sourceTree = "<group>"; };
		7BFDDF691AD9AC8400DD60EF /* DesignData.h */ = {isa = PBXFileReference; fileEncoding = 4; lastKnownFileType = sourcecode.c.h; name = DesignData.h; path = Classes/Models/DataModels/DesignData.h; sourceTree = "<group>"; };
		7BFDDF6A1AD9AC8400DD60EF /* DesignData.m */ = {isa = PBXFileReference; fileEncoding = 4; lastKnownFileType = sourcecode.c.objc; name = DesignData.m; path = Classes/Models/DataModels/DesignData.m; sourceTree = "<group>"; };
		7BFDDF6B1AD9AC8400DD60EF /* PageData.h */ = {isa = PBXFileReference; fileEncoding = 4; lastKnownFileType = sourcecode.c.h; name = PageData.h; path = Classes/Models/DataModels/PageData.h; sourceTree = "<group>"; };
		7BFDDF6C1AD9AC8400DD60EF /* PageData.m */ = {isa = PBXFileReference; fileEncoding = 4; lastKnownFileType = sourcecode.c.objc; name = PageData.m; path = Classes/Models/DataModels/PageData.m; sourceTree = "<group>"; };
		7BFDDF6D1AD9AC8400DD60EF /* UserData.h */ = {isa = PBXFileReference; fileEncoding = 4; lastKnownFileType = sourcecode.c.h; name = UserData.h; path = Classes/Models/DataModels/UserData.h; sourceTree = "<group>"; };
		7BFDDF6E1AD9AC8400DD60EF /* UserData.m */ = {isa = PBXFileReference; fileEncoding = 4; lastKnownFileType = sourcecode.c.objc; name = UserData.m; path = Classes/Models/DataModels/UserData.m; sourceTree = "<group>"; };
		7BFDDF751AD9ACD300DD60EF /* Constants.h */ = {isa = PBXFileReference; fileEncoding = 4; lastKnownFileType = sourcecode.c.h; name = Constants.h; path = Classes/SupportingFiles/Constants.h; sourceTree = "<group>"; };
		7BFDDF761AD9ACD300DD60EF /* Constants.m */ = {isa = PBXFileReference; fileEncoding = 4; lastKnownFileType = sourcecode.c.objc; name = Constants.m; path = Classes/SupportingFiles/Constants.m; sourceTree = "<group>"; };
		7BFDDF771AD9ACD300DD60EF /* Helper.h */ = {isa = PBXFileReference; fileEncoding = 4; lastKnownFileType = sourcecode.c.h; name = Helper.h; path = Classes/SupportingFiles/Helper.h; sourceTree = "<group>"; };
		7BFDDF781AD9ACD300DD60EF /* Helper.m */ = {isa = PBXFileReference; fileEncoding = 4; lastKnownFileType = sourcecode.c.objc; name = Helper.m; path = Classes/SupportingFiles/Helper.m; sourceTree = "<group>"; };
		7BFDDF791AD9ACD300DD60EF /* UIColor+Hex.h */ = {isa = PBXFileReference; fileEncoding = 4; lastKnownFileType = sourcecode.c.h; name = "UIColor+Hex.h"; path = "Classes/SupportingFiles/UIColor+Hex.h"; sourceTree = "<group>"; };
		7BFDDF7A1AD9ACD300DD60EF /* UIColor+Hex.m */ = {isa = PBXFileReference; fileEncoding = 4; lastKnownFileType = sourcecode.c.objc; name = "UIColor+Hex.m"; path = "Classes/SupportingFiles/UIColor+Hex.m"; sourceTree = "<group>"; };
		7BFDDF7E1AD9AD1800DD60EF /* Info.plist */ = {isa = PBXFileReference; fileEncoding = 4; lastKnownFileType = text.plist.xml; path = Info.plist; sourceTree = "<group>"; };
		7BFDDF7F1AD9AD1800DD60EF /* main.m */ = {isa = PBXFileReference; fileEncoding = 4; lastKnownFileType = sourcecode.c.objc; path = main.m; sourceTree = "<group>"; };
		7EAE3DF2804B4E2305DACDCD /* libPods.a */ = {isa = PBXFileReference; explicitFileType = archive.ar; includeInIndex = 0; path = libPods.a; sourceTree = BUILT_PRODUCTS_DIR; };
		9EA2AE421497E7D0C4741265 /* Pods.release.xcconfig */ = {isa = PBXFileReference; includeInIndex = 1; lastKnownFileType = text.xcconfig; name = Pods.release.xcconfig; path = "Pods/Target Support Files/Pods/Pods.release.xcconfig"; sourceTree = "<group>"; };
		A68444AA09945B1E11DBE4E7 /* Pods.debug.xcconfig */ = {isa = PBXFileReference; includeInIndex = 1; lastKnownFileType = text.xcconfig; name = Pods.debug.xcconfig; path = "Pods/Target Support Files/Pods/Pods.debug.xcconfig"; sourceTree = "<group>"; };
/* End PBXFileReference section */

/* Begin PBXFrameworksBuildPhase section */
		7B565EED1A92486F00D6A420 /* Frameworks */ = {
			isa = PBXFrameworksBuildPhase;
			buildActionMask = 2147483647;
			files = (
				C598670734C75CA12CEEA2B7 /* libPods.a in Frameworks */,
			);
			runOnlyForDeploymentPostprocessing = 0;
		};
		7B565F061A92486F00D6A420 /* Frameworks */ = {
			isa = PBXFrameworksBuildPhase;
			buildActionMask = 2147483647;
			files = (
			);
			runOnlyForDeploymentPostprocessing = 0;
		};
/* End PBXFrameworksBuildPhase section */

/* Begin PBXGroup section */
		6463D537B3A71CEC50C4C6BC /* Frameworks */ = {
			isa = PBXGroup;
			children = (
				7EAE3DF2804B4E2305DACDCD /* libPods.a */,
			);
			name = Frameworks;
			sourceTree = "<group>";
		};
		7B39F52F1A9CEEA70036CB69 /* View */ = {
			isa = PBXGroup;
			children = (
				7BFDDF1A1AD9AB8100DD60EF /* InnerTableView.h */,
				7BFDDF1B1AD9AB8100DD60EF /* InnerTableView.m */,
				7BFDDF1C1AD9AB8100DD60EF /* MainScrollView.h */,
				7BFDDF1D1AD9AB8100DD60EF /* MainScrollView.m */,
				7BFDDF1E1AD9AB8100DD60EF /* MainTableCellView.h */,
				7BFDDF1F1AD9AB8100DD60EF /* MainTableCellView.m */,
				7BFDDF201AD9AB8100DD60EF /* NavigationBar.h */,
				7BFDDF211AD9AB8100DD60EF /* NavigationBar.m */,
				7BFDDF221AD9AB8100DD60EF /* PageTabView.h */,
				7BFDDF231AD9AB8100DD60EF /* PageTabView.m */,
				7BFDDF241AD9AB8100DD60EF /* SectionHeaderView.h */,
				7BFDDF251AD9AB8100DD60EF /* SectionHeaderView.m */,
			);
			name = View;
			sourceTree = "<group>";
		};
		7B502A951ACF90BC00A431FB /* ModalScene */ = {
			isa = PBXGroup;
			children = (
				7BFDDF031AD9A89500DD60EF /* Controller */,
				7B502A961ACF911900A431FB /* View */,
			);
			name = ModalScene;
			sourceTree = "<group>";
		};
		7B502A961ACF911900A431FB /* View */ = {
			isa = PBXGroup;
			children = (
				7BFDDF2F1AD9ABD000DD60EF /* ModalView.h */,
				7BFDDF301AD9ABD000DD60EF /* ModalView.m */,
				7B9085A41ADEE04F00456102 /* ModalBaseView.h */,
				7B9085A51ADEE04F00456102 /* ModalBaseView.m */,
				7B9085A71ADEE57300456102 /* ModalBKView.h */,
				7B9085A81ADEE57300456102 /* ModalBKView.m */,
			);
			name = View;
			sourceTree = "<group>";
		};
		7B565EE71A92486F00D6A420 = {
			isa = PBXGroup;
			children = (
				7B565EF21A92486F00D6A420 /* Otherbu */,
				7B565F0C1A92486F00D6A420 /* OtherbuTests */,
				7B565EF11A92486F00D6A420 /* Products */,
				CBC7E21A43E4C7771A9B3CF5 /* Pods */,
				6463D537B3A71CEC50C4C6BC /* Frameworks */,
			);
			sourceTree = "<group>";
		};
		7B565EF11A92486F00D6A420 /* Products */ = {
			isa = PBXGroup;
			children = (
				7B565EF01A92486F00D6A420 /* Otherbu.app */,
				7B565F091A92486F00D6A420 /* OtherbuTests.xctest */,
			);
			name = Products;
			sourceTree = "<group>";
		};
		7B565EF21A92486F00D6A420 /* Otherbu */ = {
			isa = PBXGroup;
			children = (
				7BFDDF7F1AD9AD1800DD60EF /* main.m */,
				7BFDDF7E1AD9AD1800DD60EF /* Info.plist */,
				7BFDDF141AD9AB3200DD60EF /* AppDelegate.h */,
				7BFDDF151AD9AB3200DD60EF /* AppDelegate.m */,
				7BFDDEE91AD9A50100DD60EF /* Otherbu-Prefix.pch */,
				7B565EFD1A92486F00D6A420 /* Main.storyboard */,
				7B565F021A92486F00D6A420 /* LaunchScreen.xib */,
				7B565F2B1A938A9600D6A420 /* MainScene */,
				7B502A951ACF90BC00A431FB /* ModalScene */,
				7B91E5F71ABC7D30003A36F1 /* WebViewScene */,
				7B91E6361AC32F5A003A36F1 /* SettingScene */,
				7B565F251A924A1000D6A420 /* Models */,
				7B565EF31A92486F00D6A420 /* SupportingFiles */,
				590F230E1AA81F4900589E7C /* wood-wallpeper.jpg */,
				7BA8706C1AD9B37A00DB251D /* Images.xcassets */,
			);
			path = Otherbu;
			sourceTree = "<group>";
		};
		7B565EF31A92486F00D6A420 /* SupportingFiles */ = {
			isa = PBXGroup;
			children = (
				7BFDDF751AD9ACD300DD60EF /* Constants.h */,
				7BFDDF761AD9ACD300DD60EF /* Constants.m */,
				7BFDDF771AD9ACD300DD60EF /* Helper.h */,
				7BFDDF781AD9ACD300DD60EF /* Helper.m */,
				7BFDDF791AD9ACD300DD60EF /* UIColor+Hex.h */,
				7BFDDF7A1AD9ACD300DD60EF /* UIColor+Hex.m */,
				7BB320F71AE1FAB3005267EC /* Device.h */,
				7BB320F81AE1FAB3005267EC /* Device.m */,
			);
			name = SupportingFiles;
			sourceTree = "<group>";
		};
		7B565F0C1A92486F00D6A420 /* OtherbuTests */ = {
			isa = PBXGroup;
			children = (
				7B565F0F1A92486F00D6A420 /* OtherbuTests.m */,
				7B565F0D1A92486F00D6A420 /* Supporting Files */,
			);
			path = OtherbuTests;
			sourceTree = "<group>";
		};
		7B565F0D1A92486F00D6A420 /* Supporting Files */ = {
			isa = PBXGroup;
			children = (
				7B565F0E1A92486F00D6A420 /* Info.plist */,
			);
			name = "Supporting Files";
			sourceTree = "<group>";
		};
		7B565F251A924A1000D6A420 /* Models */ = {
			isa = PBXGroup;
			children = (
				7BFDDF5C1AD9AC6F00DD60EF /* DataInterface.h */,
				7BFDDF5D1AD9AC6F00DD60EF /* DataManager.h */,
				7BFDDF5E1AD9AC6F00DD60EF /* DataManager.m */,
				7BFDDF5F1AD9AC6F00DD60EF /* OtherbuAPIClient.h */,
				7BFDDF601AD9AC6F00DD60EF /* OtherbuAPIClient.m */,
				7BFDDEA01AD99EE900DD60EF /* DataModels */,
			);
			name = Models;
			sourceTree = "<group>";
		};
		7B565F2B1A938A9600D6A420 /* MainScene */ = {
			isa = PBXGroup;
			children = (
				7BFDDEFC1AD9A61B00DD60EF /* Controller */,
				7B39F52F1A9CEEA70036CB69 /* View */,
			);
			name = MainScene;
			sourceTree = "<group>";
		};
		7B91E5F71ABC7D30003A36F1 /* WebViewScene */ = {
			isa = PBXGroup;
			children = (
				7BFDDF041AD9A8B500DD60EF /* Controller */,
				7B91E5FB1ABC850A003A36F1 /* View */,
			);
			name = WebViewScene;
			sourceTree = "<group>";
		};
		7B91E5FB1ABC850A003A36F1 /* View */ = {
			isa = PBXGroup;
			children = (
				7BFDDF351AD9AC0400DD60EF /* CustomWebView.h */,
				7BFDDF361AD9AC0400DD60EF /* CustomWebView.m */,
			);
			name = View;
			sourceTree = "<group>";
		};
		7B91E6361AC32F5A003A36F1 /* SettingScene */ = {
			isa = PBXGroup;
			children = (
				7B91E6371AC32F7E003A36F1 /* Controller */,
				7BFDDEB61AD9A24800DD60EF /* View */,
			);
			name = SettingScene;
			sourceTree = "<group>";
		};
		7B91E6371AC32F7E003A36F1 /* Controller */ = {
			isa = PBXGroup;
			children = (
				7BFDDF3A1AD9AC3500DD60EF /* DesiginViewController.h */,
				7BFDDF3B1AD9AC3500DD60EF /* DesiginViewController.m */,
				7BFDDF3E1AD9AC3500DD60EF /* SettingBaseTableViewController.h */,
				7BFDDF3F1AD9AC3500DD60EF /* SettingBaseTableViewController.m */,
				7BFDDF401AD9AC3500DD60EF /* BookmarkTableViewController.h */,
				7BFDDF411AD9AC3500DD60EF /* BookmarkTableViewController.m */,
				7BFDDF421AD9AC3500DD60EF /* CategoryListTableViewController.h */,
				7BFDDF431AD9AC3500DD60EF /* CategoryListTableViewController.m */,
				7BFDDF441AD9AC3500DD60EF /* EditPageTableViewController.h */,
				7BFDDF451AD9AC3500DD60EF /* EditPageTableViewController.m */,
				7BFDDF461AD9AC3500DD60EF /* SettingNavigationViewController.h */,
				7BFDDF471AD9AC3500DD60EF /* SettingNavigationViewController.m */,
				7BFDDF481AD9AC3500DD60EF /* PageListTableViewController.h */,
				7BFDDF491AD9AC3500DD60EF /* PageListTableViewController.m */,
				7BFDDF4A1AD9AC3500DD60EF /* SelectCategoryTableViewController.h */,
				7BFDDF4B1AD9AC3500DD60EF /* SelectCategoryTableViewController.m */,
				7BFDDF4C1AD9AC3500DD60EF /* SettingTableViewController.h */,
				7BFDDF4D1AD9AC3500DD60EF /* SettingTableViewController.m */,
			);
			name = Controller;
			sourceTree = "<group>";
		};
		7BFDDEA01AD99EE900DD60EF /* DataModels */ = {
			isa = PBXGroup;
			children = (
				7BFDDF631AD9AC8400DD60EF /* BookmarkData.h */,
				7BFDDF641AD9AC8400DD60EF /* BookmarkData.m */,
				7BFDDF651AD9AC8400DD60EF /* CategoryData.h */,
				7BFDDF661AD9AC8400DD60EF /* CategoryData.m */,
				7BFDDF671AD9AC8400DD60EF /* ColorData.h */,
				7BFDDF681AD9AC8400DD60EF /* ColorData.m */,
				7BFDDF691AD9AC8400DD60EF /* DesignData.h */,
				7BFDDF6A1AD9AC8400DD60EF /* DesignData.m */,
				7BFDDF6B1AD9AC8400DD60EF /* PageData.h */,
				7BFDDF6C1AD9AC8400DD60EF /* PageData.m */,
				7BFDDF6D1AD9AC8400DD60EF /* UserData.h */,
				7BFDDF6E1AD9AC8400DD60EF /* UserData.m */,
			);
			name = DataModels;
			sourceTree = "<group>";
		};
		7BFDDEB61AD9A24800DD60EF /* View */ = {
			isa = PBXGroup;
			children = (
				7BFDDF591AD9AC4A00DD60EF /* SettingTableViewCell.h */,
				7BFDDF5A1AD9AC4A00DD60EF /* SettingTableViewCell.m */,
			);
			name = View;
			sourceTree = "<group>";
		};
		7BFDDEFC1AD9A61B00DD60EF /* Controller */ = {
			isa = PBXGroup;
			children = (
				7BFDDF171AD9AB5C00DD60EF /* MainViewController.h */,
				7BFDDF181AD9AB5C00DD60EF /* MainViewController.m */,
				7BB320FA1AE29A35005267EC /* MainAlertController.h */,
				7BB320FB1AE29A35005267EC /* MainAlertController.m */,
			);
			name = Controller;
			sourceTree = "<group>";
		};
		7BFDDF031AD9A89500DD60EF /* Controller */ = {
			isa = PBXGroup;
			children = (
				7BFDDF2C1AD9ABC000DD60EF /* ModalViewController.h */,
				7BFDDF2D1AD9ABC000DD60EF /* ModalViewController.m */,
				7B90859E1ADED87A00456102 /* ModalBKViewController.h */,
				7B90859F1ADED87A00456102 /* ModalBKViewController.m */,
				7B9085AC1ADFFDFE00456102 /* ModalInterface.h */,
			);
			name = Controller;
			sourceTree = "<group>";
		};
		7BFDDF041AD9A8B500DD60EF /* Controller */ = {
			isa = PBXGroup;
			children = (
				7BFDDF321AD9ABF200DD60EF /* WebViewController.h */,
				7BFDDF331AD9ABF200DD60EF /* WebViewController.m */,
			);
			name = Controller;
			sourceTree = "<group>";
		};
		CBC7E21A43E4C7771A9B3CF5 /* Pods */ = {
			isa = PBXGroup;
			children = (
				A68444AA09945B1E11DBE4E7 /* Pods.debug.xcconfig */,
				9EA2AE421497E7D0C4741265 /* Pods.release.xcconfig */,
			);
			name = Pods;
			sourceTree = "<group>";
		};
/* End PBXGroup section */

/* Begin PBXNativeTarget section */
		7B565EEF1A92486F00D6A420 /* Otherbu */ = {
			isa = PBXNativeTarget;
			buildConfigurationList = 7B565F131A92487000D6A420 /* Build configuration list for PBXNativeTarget "Otherbu" */;
			buildPhases = (
				00F30E6097103E2A22427720 /* Check Pods Manifest.lock */,
				7B565EEC1A92486F00D6A420 /* Sources */,
				7B565EED1A92486F00D6A420 /* Frameworks */,
				7B565EEE1A92486F00D6A420 /* Resources */,
				EAB315C93C5A66A553FAC016 /* Copy Pods Resources */,
			);
			buildRules = (
			);
			dependencies = (
			);
			name = Otherbu;
			productName = Otherbu;
			productReference = 7B565EF01A92486F00D6A420 /* Otherbu.app */;
			productType = "com.apple.product-type.application";
		};
		7B565F081A92486F00D6A420 /* OtherbuTests */ = {
			isa = PBXNativeTarget;
			buildConfigurationList = 7B565F161A92487000D6A420 /* Build configuration list for PBXNativeTarget "OtherbuTests" */;
			buildPhases = (
				7B565F051A92486F00D6A420 /* Sources */,
				7B565F061A92486F00D6A420 /* Frameworks */,
				7B565F071A92486F00D6A420 /* Resources */,
			);
			buildRules = (
			);
			dependencies = (
				7B565F0B1A92486F00D6A420 /* PBXTargetDependency */,
			);
			name = OtherbuTests;
			productName = OtherbuTests;
			productReference = 7B565F091A92486F00D6A420 /* OtherbuTests.xctest */;
			productType = "com.apple.product-type.bundle.unit-test";
		};
/* End PBXNativeTarget section */

/* Begin PBXProject section */
		7B565EE81A92486F00D6A420 /* Project object */ = {
			isa = PBXProject;
			attributes = {
				LastUpgradeCheck = 0620;
				ORGANIZATIONNAME = fujimisakari;
				TargetAttributes = {
					7B565EEF1A92486F00D6A420 = {
						CreatedOnToolsVersion = 6.1.1;
						DevelopmentTeam = 2NTKX77UEL;
					};
					7B565F081A92486F00D6A420 = {
						CreatedOnToolsVersion = 6.1.1;
						DevelopmentTeam = 2NTKX77UEL;
						TestTargetID = 7B565EEF1A92486F00D6A420;
					};
				};
			};
			buildConfigurationList = 7B565EEB1A92486F00D6A420 /* Build configuration list for PBXProject "Otherbu" */;
			compatibilityVersion = "Xcode 3.2";
			developmentRegion = English;
			hasScannedForEncodings = 0;
			knownRegions = (
				en,
				Base,
			);
			mainGroup = 7B565EE71A92486F00D6A420;
			productRefGroup = 7B565EF11A92486F00D6A420 /* Products */;
			projectDirPath = "";
			projectRoot = "";
			targets = (
				7B565EEF1A92486F00D6A420 /* Otherbu */,
				7B565F081A92486F00D6A420 /* OtherbuTests */,
			);
		};
/* End PBXProject section */

/* Begin PBXResourcesBuildPhase section */
		7B565EEE1A92486F00D6A420 /* Resources */ = {
			isa = PBXResourcesBuildPhase;
			buildActionMask = 2147483647;
			files = (
				7B565EFF1A92486F00D6A420 /* Main.storyboard in Resources */,
				7BA8706D1AD9B37A00DB251D /* Images.xcassets in Resources */,
				590F230F1AA81F4900589E7C /* wood-wallpeper.jpg in Resources */,
				7B565F041A92486F00D6A420 /* LaunchScreen.xib in Resources */,
			);
			runOnlyForDeploymentPostprocessing = 0;
		};
		7B565F071A92486F00D6A420 /* Resources */ = {
			isa = PBXResourcesBuildPhase;
			buildActionMask = 2147483647;
			files = (
			);
			runOnlyForDeploymentPostprocessing = 0;
		};
/* End PBXResourcesBuildPhase section */

/* Begin PBXShellScriptBuildPhase section */
		00F30E6097103E2A22427720 /* Check Pods Manifest.lock */ = {
			isa = PBXShellScriptBuildPhase;
			buildActionMask = 2147483647;
			files = (
			);
			inputPaths = (
			);
			name = "Check Pods Manifest.lock";
			outputPaths = (
			);
			runOnlyForDeploymentPostprocessing = 0;
			shellPath = /bin/sh;
			shellScript = "diff \"${PODS_ROOT}/../Podfile.lock\" \"${PODS_ROOT}/Manifest.lock\" > /dev/null\nif [[ $? != 0 ]] ; then\n    cat << EOM\nerror: The sandbox is not in sync with the Podfile.lock. Run 'pod install' or update your CocoaPods installation.\nEOM\n    exit 1\nfi\n";
			showEnvVarsInLog = 0;
		};
		EAB315C93C5A66A553FAC016 /* Copy Pods Resources */ = {
			isa = PBXShellScriptBuildPhase;
			buildActionMask = 2147483647;
			files = (
			);
			inputPaths = (
			);
			name = "Copy Pods Resources";
			outputPaths = (
			);
			runOnlyForDeploymentPostprocessing = 0;
			shellPath = /bin/sh;
			shellScript = "\"${SRCROOT}/Pods/Target Support Files/Pods/Pods-resources.sh\"\n";
			showEnvVarsInLog = 0;
		};
/* End PBXShellScriptBuildPhase section */

/* Begin PBXSourcesBuildPhase section */
		7B565EEC1A92486F00D6A420 /* Sources */ = {
			isa = PBXSourcesBuildPhase;
			buildActionMask = 2147483647;
			files = (
				7BFDDF191AD9AB5C00DD60EF /* MainViewController.m in Sources */,
				7BB320FC1AE29A35005267EC /* MainAlertController.m in Sources */,
				7BFDDF721AD9AC8400DD60EF /* DesignData.m in Sources */,
				7BFDDF701AD9AC8400DD60EF /* CategoryData.m in Sources */,
				7BFDDF711AD9AC8400DD60EF /* ColorData.m in Sources */,
				7B9085A01ADED87A00456102 /* ModalBKViewController.m in Sources */,
				7BFDDF7C1AD9ACD300DD60EF /* Helper.m in Sources */,
				7BFDDF281AD9AB8100DD60EF /* MainTableCellView.m in Sources */,
				7BFDDF531AD9AC3500DD60EF /* CategoryListTableViewController.m in Sources */,
				7BFDDF6F1AD9AC8400DD60EF /* BookmarkData.m in Sources */,
				7BFDDF571AD9AC3500DD60EF /* SelectCategoryTableViewController.m in Sources */,
				7BFDDF581AD9AC3500DD60EF /* SettingTableViewController.m in Sources */,
				7B9085A91ADEE57300456102 /* ModalBKView.m in Sources */,
				7BFDDF7D1AD9ACD300DD60EF /* UIColor+Hex.m in Sources */,
				7BFDDF731AD9AC8400DD60EF /* PageData.m in Sources */,
				7BFDDF7B1AD9ACD300DD60EF /* Constants.m in Sources */,
				7BFDDF2A1AD9AB8100DD60EF /* PageTabView.m in Sources */,
				7BFDDF511AD9AC3500DD60EF /* SettingBaseTableViewController.m in Sources */,
				7BFDDF2B1AD9AB8100DD60EF /* SectionHeaderView.m in Sources */,
				7BFDDF611AD9AC6F00DD60EF /* DataManager.m in Sources */,
				7B9085A61ADEE04F00456102 /* ModalBaseView.m in Sources */,
				7BFDDF161AD9AB3200DD60EF /* AppDelegate.m in Sources */,
				7BFDDF541AD9AC3500DD60EF /* EditPageTableViewController.m in Sources */,
				7BFDDF741AD9AC8400DD60EF /* UserData.m in Sources */,
				7BFDDF4F1AD9AC3500DD60EF /* DesiginViewController.m in Sources */,
				7BFDDF561AD9AC3500DD60EF /* PageListTableViewController.m in Sources */,
				7BFDDF521AD9AC3500DD60EF /* BookmarkTableViewController.m in Sources */,
				7BFDDF2E1AD9ABC000DD60EF /* ModalViewController.m in Sources */,
				7BFDDF291AD9AB8100DD60EF /* NavigationBar.m in Sources */,
				7BFDDF5B1AD9AC4A00DD60EF /* SettingTableViewCell.m in Sources */,
				7BFDDF271AD9AB8100DD60EF /* MainScrollView.m in Sources */,
				7BFDDF371AD9AC0400DD60EF /* CustomWebView.m in Sources */,
				7BFDDF341AD9ABF200DD60EF /* WebViewController.m in Sources */,
				7BFDDF551AD9AC3500DD60EF /* SettingNavigationViewController.m in Sources */,
				7BFDDF311AD9ABD000DD60EF /* ModalView.m in Sources */,
				7BFDDF261AD9AB8100DD60EF /* InnerTableView.m in Sources */,
				7BB320F91AE1FAB3005267EC /* Device.m in Sources */,
				7BFDDF811AD9AD1800DD60EF /* main.m in Sources */,
				7BFDDF621AD9AC6F00DD60EF /* OtherbuAPIClient.m in Sources */,
			);
			runOnlyForDeploymentPostprocessing = 0;
		};
		7B565F051A92486F00D6A420 /* Sources */ = {
			isa = PBXSourcesBuildPhase;
			buildActionMask = 2147483647;
			files = (
				7B565F101A92486F00D6A420 /* OtherbuTests.m in Sources */,
			);
			runOnlyForDeploymentPostprocessing = 0;
		};
/* End PBXSourcesBuildPhase section */

/* Begin PBXTargetDependency section */
		7B565F0B1A92486F00D6A420 /* PBXTargetDependency */ = {
			isa = PBXTargetDependency;
			target = 7B565EEF1A92486F00D6A420 /* Otherbu */;
			targetProxy = 7B565F0A1A92486F00D6A420 /* PBXContainerItemProxy */;
		};
/* End PBXTargetDependency section */

/* Begin PBXVariantGroup section */
		7B565EFD1A92486F00D6A420 /* Main.storyboard */ = {
			isa = PBXVariantGroup;
			children = (
				7B565EFE1A92486F00D6A420 /* Base */,
			);
			name = Main.storyboard;
			sourceTree = "<group>";
		};
		7B565F021A92486F00D6A420 /* LaunchScreen.xib */ = {
			isa = PBXVariantGroup;
			children = (
				7B565F031A92486F00D6A420 /* Base */,
			);
			name = LaunchScreen.xib;
			sourceTree = "<group>";
		};
/* End PBXVariantGroup section */

/* Begin XCBuildConfiguration section */
		7B565F111A92486F00D6A420 /* Debug */ = {
			isa = XCBuildConfiguration;
			buildSettings = {
				ALWAYS_SEARCH_USER_PATHS = NO;
				CLANG_CXX_LANGUAGE_STANDARD = "gnu++0x";
				CLANG_CXX_LIBRARY = "libc++";
				CLANG_ENABLE_MODULES = YES;
				CLANG_ENABLE_OBJC_ARC = YES;
				CLANG_WARN_BOOL_CONVERSION = YES;
				CLANG_WARN_CONSTANT_CONVERSION = YES;
				CLANG_WARN_DIRECT_OBJC_ISA_USAGE = YES_ERROR;
				CLANG_WARN_EMPTY_BODY = YES;
				CLANG_WARN_ENUM_CONVERSION = YES;
				CLANG_WARN_INT_CONVERSION = YES;
				CLANG_WARN_OBJC_ROOT_CLASS = YES_ERROR;
				CLANG_WARN_UNREACHABLE_CODE = YES;
				CLANG_WARN__DUPLICATE_METHOD_MATCH = YES;
				"CODE_SIGN_IDENTITY[sdk=iphoneos*]" = "iPhone Developer";
				COPY_PHASE_STRIP = NO;
				ENABLE_STRICT_OBJC_MSGSEND = YES;
				GCC_C_LANGUAGE_STANDARD = gnu99;
				GCC_DYNAMIC_NO_PIC = NO;
				GCC_OPTIMIZATION_LEVEL = 0;
				GCC_PREPROCESSOR_DEFINITIONS = (
					"DEBUG=1",
					"$(inherited)",
				);
				GCC_SYMBOLS_PRIVATE_EXTERN = NO;
				GCC_WARN_64_TO_32_BIT_CONVERSION = YES;
				GCC_WARN_ABOUT_RETURN_TYPE = YES_ERROR;
				GCC_WARN_UNDECLARED_SELECTOR = YES;
				GCC_WARN_UNINITIALIZED_AUTOS = YES_AGGRESSIVE;
				GCC_WARN_UNUSED_FUNCTION = YES;
				GCC_WARN_UNUSED_VARIABLE = YES;
				IPHONEOS_DEPLOYMENT_TARGET = 8.1;
				MTL_ENABLE_DEBUG_INFO = YES;
				ONLY_ACTIVE_ARCH = YES;
				SDKROOT = iphoneos;
				TARGETED_DEVICE_FAMILY = "1,2";
			};
			name = Debug;
		};
		7B565F121A92486F00D6A420 /* Release */ = {
			isa = XCBuildConfiguration;
			buildSettings = {
				ALWAYS_SEARCH_USER_PATHS = NO;
				CLANG_CXX_LANGUAGE_STANDARD = "gnu++0x";
				CLANG_CXX_LIBRARY = "libc++";
				CLANG_ENABLE_MODULES = YES;
				CLANG_ENABLE_OBJC_ARC = YES;
				CLANG_WARN_BOOL_CONVERSION = YES;
				CLANG_WARN_CONSTANT_CONVERSION = YES;
				CLANG_WARN_DIRECT_OBJC_ISA_USAGE = YES_ERROR;
				CLANG_WARN_EMPTY_BODY = YES;
				CLANG_WARN_ENUM_CONVERSION = YES;
				CLANG_WARN_INT_CONVERSION = YES;
				CLANG_WARN_OBJC_ROOT_CLASS = YES_ERROR;
				CLANG_WARN_UNREACHABLE_CODE = YES;
				CLANG_WARN__DUPLICATE_METHOD_MATCH = YES;
				"CODE_SIGN_IDENTITY[sdk=iphoneos*]" = "iPhone Developer";
				COPY_PHASE_STRIP = YES;
				ENABLE_NS_ASSERTIONS = NO;
				ENABLE_STRICT_OBJC_MSGSEND = YES;
				GCC_C_LANGUAGE_STANDARD = gnu99;
				GCC_WARN_64_TO_32_BIT_CONVERSION = YES;
				GCC_WARN_ABOUT_RETURN_TYPE = YES_ERROR;
				GCC_WARN_UNDECLARED_SELECTOR = YES;
				GCC_WARN_UNINITIALIZED_AUTOS = YES_AGGRESSIVE;
				GCC_WARN_UNUSED_FUNCTION = YES;
				GCC_WARN_UNUSED_VARIABLE = YES;
				IPHONEOS_DEPLOYMENT_TARGET = 8.1;
				MTL_ENABLE_DEBUG_INFO = NO;
				SDKROOT = iphoneos;
				TARGETED_DEVICE_FAMILY = "1,2";
				VALIDATE_PRODUCT = YES;
			};
			name = Release;
		};
		7B565F141A92487000D6A420 /* Debug */ = {
			isa = XCBuildConfiguration;
			baseConfigurationReference = A68444AA09945B1E11DBE4E7 /* Pods.debug.xcconfig */;
			buildSettings = {
				ASSETCATALOG_COMPILER_APPICON_NAME = AppIcon;
				CODE_SIGN_IDENTITY = "iPhone Developer";
				"CODE_SIGN_IDENTITY[sdk=iphoneos*]" = "iPhone Developer";
				GCC_PREFIX_HEADER = "Otherbu/Otherbu-Prefix.pch";
				INFOPLIST_FILE = Otherbu/Info.plist;
				LD_RUNPATH_SEARCH_PATHS = "$(inherited) @executable_path/Frameworks";
				PRODUCT_NAME = "$(TARGET_NAME)";
				PROVISIONING_PROFILE = "";
			};
			name = Debug;
		};
		7B565F151A92487000D6A420 /* Release */ = {
			isa = XCBuildConfiguration;
			baseConfigurationReference = 9EA2AE421497E7D0C4741265 /* Pods.release.xcconfig */;
			buildSettings = {
				ASSETCATALOG_COMPILER_APPICON_NAME = AppIcon;
				CODE_SIGN_IDENTITY = "iPhone Developer";
				"CODE_SIGN_IDENTITY[sdk=iphoneos*]" = "iPhone Developer";
				GCC_PREFIX_HEADER = "Otherbu/Otherbu-Prefix.pch";
				INFOPLIST_FILE = Otherbu/Info.plist;
				LD_RUNPATH_SEARCH_PATHS = "$(inherited) @executable_path/Frameworks";
				PRODUCT_NAME = "$(TARGET_NAME)";
				PROVISIONING_PROFILE = "";
			};
			name = Release;
		};
		7B565F171A92487000D6A420 /* Debug */ = {
			isa = XCBuildConfiguration;
			buildSettings = {
				BUNDLE_LOADER = "$(TEST_HOST)";
				CODE_SIGN_IDENTITY = "iPhone Developer";
				"CODE_SIGN_IDENTITY[sdk=iphoneos*]" = "iPhone Developer";
				FRAMEWORK_SEARCH_PATHS = (
					"$(SDKROOT)/Developer/Library/Frameworks",
					"$(inherited)",
				);
				GCC_PREPROCESSOR_DEFINITIONS = (
					"DEBUG=1",
					"$(inherited)",
				);
				INFOPLIST_FILE = OtherbuTests/Info.plist;
				LD_RUNPATH_SEARCH_PATHS = "$(inherited) @executable_path/Frameworks @loader_path/Frameworks";
				PRODUCT_NAME = "$(TARGET_NAME)";
				PROVISIONING_PROFILE = "";
				TEST_HOST = "$(BUILT_PRODUCTS_DIR)/Otherbu.app/Otherbu";
			};
			name = Debug;
		};
		7B565F181A92487000D6A420 /* Release */ = {
			isa = XCBuildConfiguration;
			buildSettings = {
				BUNDLE_LOADER = "$(TEST_HOST)";
				CODE_SIGN_IDENTITY = "iPhone Developer";
				"CODE_SIGN_IDENTITY[sdk=iphoneos*]" = "iPhone Developer";
				FRAMEWORK_SEARCH_PATHS = (
					"$(SDKROOT)/Developer/Library/Frameworks",
					"$(inherited)",
				);
				INFOPLIST_FILE = OtherbuTests/Info.plist;
				LD_RUNPATH_SEARCH_PATHS = "$(inherited) @executable_path/Frameworks @loader_path/Frameworks";
				PRODUCT_NAME = "$(TARGET_NAME)";
				PROVISIONING_PROFILE = "";
				TEST_HOST = "$(BUILT_PRODUCTS_DIR)/Otherbu.app/Otherbu";
			};
			name = Release;
		};
/* End XCBuildConfiguration section */

/* Begin XCConfigurationList section */
		7B565EEB1A92486F00D6A420 /* Build configuration list for PBXProject "Otherbu" */ = {
			isa = XCConfigurationList;
			buildConfigurations = (
				7B565F111A92486F00D6A420 /* Debug */,
				7B565F121A92486F00D6A420 /* Release */,
			);
			defaultConfigurationIsVisible = 0;
			defaultConfigurationName = Release;
		};
		7B565F131A92487000D6A420 /* Build configuration list for PBXNativeTarget "Otherbu" */ = {
			isa = XCConfigurationList;
			buildConfigurations = (
				7B565F141A92487000D6A420 /* Debug */,
				7B565F151A92487000D6A420 /* Release */,
			);
			defaultConfigurationIsVisible = 0;
			defaultConfigurationName = Release;
		};
		7B565F161A92487000D6A420 /* Build configuration list for PBXNativeTarget "OtherbuTests" */ = {
			isa = XCConfigurationList;
			buildConfigurations = (
				7B565F171A92487000D6A420 /* Debug */,
				7B565F181A92487000D6A420 /* Release */,
			);
			defaultConfigurationIsVisible = 0;
			defaultConfigurationName = Release;
		};
/* End XCConfigurationList section */
	};
	rootObject = 7B565EE81A92486F00D6A420 /* Project object */;
}
