// !$*UTF8*$!
{
	archiveVersion = 1;
	classes = {
	};
	objectVersion = 46;
	objects = {

/* Begin PBXBuildFile section */
		590F230F1AA81F4900589E7C /* wood-wallpeper.jpg in Resources */ = {isa = PBXBuildFile; fileRef = 590F230E1AA81F4900589E7C /* wood-wallpeper.jpg */; };
		7B11FCFE1AA7044F0093E63A /* InnerTableView.m in Sources */ = {isa = PBXBuildFile; fileRef = 7B11FCFD1AA7044F0093E63A /* InnerTableView.m */; };
		7B39F52E1A9CEE860036CB69 /* SectionHeaderView.m in Sources */ = {isa = PBXBuildFile; fileRef = 7B39F52D1A9CEE860036CB69 /* SectionHeaderView.m */; };
		7B39F5341AA31DA20036CB69 /* UIColor+Hex.m in Sources */ = {isa = PBXBuildFile; fileRef = 7B39F5331AA31DA20036CB69 /* UIColor+Hex.m */; };
		7B39F5381AA321740036CB69 /* ColorData.m in Sources */ = {isa = PBXBuildFile; fileRef = 7B39F5371AA321740036CB69 /* ColorData.m */; };
		7B39F53B1AA39BCA0036CB69 /* MainTableCellView.m in Sources */ = {isa = PBXBuildFile; fileRef = 7B39F53A1AA39BCA0036CB69 /* MainTableCellView.m */; };
		7B565EF61A92486F00D6A420 /* main.m in Sources */ = {isa = PBXBuildFile; fileRef = 7B565EF51A92486F00D6A420 /* main.m */; };
		7B565EF91A92486F00D6A420 /* AppDelegate.m in Sources */ = {isa = PBXBuildFile; fileRef = 7B565EF81A92486F00D6A420 /* AppDelegate.m */; };
		7B565EFC1A92486F00D6A420 /* MainViewController.m in Sources */ = {isa = PBXBuildFile; fileRef = 7B565EFB1A92486F00D6A420 /* MainViewController.m */; };
		7B565EFF1A92486F00D6A420 /* Main.storyboard in Resources */ = {isa = PBXBuildFile; fileRef = 7B565EFD1A92486F00D6A420 /* Main.storyboard */; };
		7B565F011A92486F00D6A420 /* Images.xcassets in Resources */ = {isa = PBXBuildFile; fileRef = 7B565F001A92486F00D6A420 /* Images.xcassets */; };
		7B565F041A92486F00D6A420 /* LaunchScreen.xib in Resources */ = {isa = PBXBuildFile; fileRef = 7B565F021A92486F00D6A420 /* LaunchScreen.xib */; };
		7B565F101A92486F00D6A420 /* OtherbuTests.m in Sources */ = {isa = PBXBuildFile; fileRef = 7B565F0F1A92486F00D6A420 /* OtherbuTests.m */; };
		7B565F211A9249FA00D6A420 /* BookmarkData.m in Sources */ = {isa = PBXBuildFile; fileRef = 7B565F1A1A9249FA00D6A420 /* BookmarkData.m */; };
		7B565F221A9249FA00D6A420 /* CategoryData.m in Sources */ = {isa = PBXBuildFile; fileRef = 7B565F1C1A9249FA00D6A420 /* CategoryData.m */; };
		7B565F231A9249FA00D6A420 /* DataManager.m in Sources */ = {isa = PBXBuildFile; fileRef = 7B565F1E1A9249FA00D6A420 /* DataManager.m */; };
		7B565F241A9249FA00D6A420 /* PageData.m in Sources */ = {isa = PBXBuildFile; fileRef = 7B565F201A9249FA00D6A420 /* PageData.m */; };
		7B565F691A96565500D6A420 /* OtherbuAPIClient.m in Sources */ = {isa = PBXBuildFile; fileRef = 7B565F681A96565500D6A420 /* OtherbuAPIClient.m */; };
		7B91E5F61ABC7D27003A36F1 /* WebViewController.m in Sources */ = {isa = PBXBuildFile; fileRef = 7B91E5F51ABC7D27003A36F1 /* WebViewController.m */; };
		7B91E5FA1ABC8505003A36F1 /* CustomWebView.m in Sources */ = {isa = PBXBuildFile; fileRef = 7B91E5F91ABC8505003A36F1 /* CustomWebView.m */; };
		7B91E6351AC32F40003A36F1 /* SettingTableViewController.m in Sources */ = {isa = PBXBuildFile; fileRef = 7B91E6341AC32F40003A36F1 /* SettingTableViewController.m */; };
		7B91E63A1AC3307D003A36F1 /* BookmarkTableViewController.m in Sources */ = {isa = PBXBuildFile; fileRef = 7B91E6391AC3307D003A36F1 /* BookmarkTableViewController.m */; };
		7B91E63D1AC33090003A36F1 /* PageTableViewController.m in Sources */ = {isa = PBXBuildFile; fileRef = 7B91E63C1AC33090003A36F1 /* PageTableViewController.m */; };
		7B91E6401AC330AC003A36F1 /* CategoryTableViewController.m in Sources */ = {isa = PBXBuildFile; fileRef = 7B91E63F1AC330AC003A36F1 /* CategoryTableViewController.m */; };
		7B91E6431AC330E4003A36F1 /* BookmarkMoveTableViewController.m in Sources */ = {isa = PBXBuildFile; fileRef = 7B91E6421AC330E4003A36F1 /* BookmarkMoveTableViewController.m */; };
		7B91E6461AC33175003A36F1 /* BookmarkViewController.m in Sources */ = {isa = PBXBuildFile; fileRef = 7B91E6451AC33175003A36F1 /* BookmarkViewController.m */; };
		7B91E6491AC331A9003A36F1 /* PageViewController.m in Sources */ = {isa = PBXBuildFile; fileRef = 7B91E6481AC331A9003A36F1 /* PageViewController.m */; };
		7B91E64C1AC331BB003A36F1 /* CategoryViewController.m in Sources */ = {isa = PBXBuildFile; fileRef = 7B91E64B1AC331BB003A36F1 /* CategoryViewController.m */; };
		7B91E64F1AC3321E003A36F1 /* DesiginViewController.m in Sources */ = {isa = PBXBuildFile; fileRef = 7B91E64E1AC3321E003A36F1 /* DesiginViewController.m */; };
		7BF6979D1AAF4ADA008C1BAE /* MainScrollView.m in Sources */ = {isa = PBXBuildFile; fileRef = 7BF6979C1AAF4ADA008C1BAE /* MainScrollView.m */; };
		7BF697A01AAF657E008C1BAE /* Constants.m in Sources */ = {isa = PBXBuildFile; fileRef = 7BF6979F1AAF657E008C1BAE /* Constants.m */; };
		7BF697A31AB08B3C008C1BAE /* NavigationBar.m in Sources */ = {isa = PBXBuildFile; fileRef = 7BF697A21AB08B3C008C1BAE /* NavigationBar.m */; };
		7BF697A61AB09AD8008C1BAE /* DesignData.m in Sources */ = {isa = PBXBuildFile; fileRef = 7BF697A51AB09AD8008C1BAE /* DesignData.m */; };
		7BF697B11AB42A94008C1BAE /* PageTabView.m in Sources */ = {isa = PBXBuildFile; fileRef = 7BF697B01AB42A94008C1BAE /* PageTabView.m */; };
		C598670734C75CA12CEEA2B7 /* libPods.a in Frameworks */ = {isa = PBXBuildFile; fileRef = 7EAE3DF2804B4E2305DACDCD /* libPods.a */; };
/* End PBXBuildFile section */

/* Begin PBXContainerItemProxy section */
		7B565F0A1A92486F00D6A420 /* PBXContainerItemProxy */ = {
			isa = PBXContainerItemProxy;
			containerPortal = 7B565EE81A92486F00D6A420 /* Project object */;
			proxyType = 1;
			remoteGlobalIDString = 7B565EEF1A92486F00D6A420;
			remoteInfo = Otherbu;
		};
/* End PBXContainerItemProxy section */

/* Begin PBXFileReference section */
		590F230E1AA81F4900589E7C /* wood-wallpeper.jpg */ = {isa = PBXFileReference; lastKnownFileType = image.jpeg; path = "wood-wallpeper.jpg"; sourceTree = "<group>"; };
		7B11FCFC1AA7044F0093E63A /* InnerTableView.h */ = {isa = PBXFileReference; fileEncoding = 4; lastKnownFileType = sourcecode.c.h; path = InnerTableView.h; sourceTree = "<group>"; };
		7B11FCFD1AA7044F0093E63A /* InnerTableView.m */ = {isa = PBXFileReference; fileEncoding = 4; lastKnownFileType = sourcecode.c.objc; path = InnerTableView.m; sourceTree = "<group>"; };
		7B39F52C1A9CEE860036CB69 /* SectionHeaderView.h */ = {isa = PBXFileReference; fileEncoding = 4; lastKnownFileType = sourcecode.c.h; path = SectionHeaderView.h; sourceTree = "<group>"; };
		7B39F52D1A9CEE860036CB69 /* SectionHeaderView.m */ = {isa = PBXFileReference; fileEncoding = 4; lastKnownFileType = sourcecode.c.objc; path = SectionHeaderView.m; sourceTree = "<group>"; };
		7B39F5321AA31DA20036CB69 /* UIColor+Hex.h */ = {isa = PBXFileReference; fileEncoding = 4; lastKnownFileType = sourcecode.c.h; path = "UIColor+Hex.h"; sourceTree = "<group>"; };
		7B39F5331AA31DA20036CB69 /* UIColor+Hex.m */ = {isa = PBXFileReference; fileEncoding = 4; lastKnownFileType = sourcecode.c.objc; path = "UIColor+Hex.m"; sourceTree = "<group>"; };
		7B39F5361AA321740036CB69 /* ColorData.h */ = {isa = PBXFileReference; fileEncoding = 4; lastKnownFileType = sourcecode.c.h; path = ColorData.h; sourceTree = "<group>"; };
		7B39F5371AA321740036CB69 /* ColorData.m */ = {isa = PBXFileReference; fileEncoding = 4; lastKnownFileType = sourcecode.c.objc; path = ColorData.m; sourceTree = "<group>"; };
		7B39F5391AA39BCA0036CB69 /* MainTableCellView.h */ = {isa = PBXFileReference; fileEncoding = 4; lastKnownFileType = sourcecode.c.h; path = MainTableCellView.h; sourceTree = "<group>"; };
		7B39F53A1AA39BCA0036CB69 /* MainTableCellView.m */ = {isa = PBXFileReference; fileEncoding = 4; lastKnownFileType = sourcecode.c.objc; path = MainTableCellView.m; sourceTree = "<group>"; };
		7B565EF01A92486F00D6A420 /* Otherbu.app */ = {isa = PBXFileReference; explicitFileType = wrapper.application; includeInIndex = 0; path = Otherbu.app; sourceTree = BUILT_PRODUCTS_DIR; };
		7B565EF41A92486F00D6A420 /* Info.plist */ = {isa = PBXFileReference; lastKnownFileType = text.plist.xml; path = Info.plist; sourceTree = "<group>"; };
		7B565EF51A92486F00D6A420 /* main.m */ = {isa = PBXFileReference; lastKnownFileType = sourcecode.c.objc; path = main.m; sourceTree = "<group>"; };
		7B565EF71A92486F00D6A420 /* AppDelegate.h */ = {isa = PBXFileReference; lastKnownFileType = sourcecode.c.h; path = AppDelegate.h; sourceTree = "<group>"; };
		7B565EF81A92486F00D6A420 /* AppDelegate.m */ = {isa = PBXFileReference; lastKnownFileType = sourcecode.c.objc; path = AppDelegate.m; sourceTree = "<group>"; };
		7B565EFA1A92486F00D6A420 /* MainViewController.h */ = {isa = PBXFileReference; lastKnownFileType = sourcecode.c.h; path = MainViewController.h; sourceTree = "<group>"; };
		7B565EFB1A92486F00D6A420 /* MainViewController.m */ = {isa = PBXFileReference; lastKnownFileType = sourcecode.c.objc; path = MainViewController.m; sourceTree = "<group>"; };
		7B565EFE1A92486F00D6A420 /* Base */ = {isa = PBXFileReference; lastKnownFileType = file.storyboard; name = Base; path = Base.lproj/Main.storyboard; sourceTree = "<group>"; };
		7B565F001A92486F00D6A420 /* Images.xcassets */ = {isa = PBXFileReference; lastKnownFileType = folder.assetcatalog; path = Images.xcassets; sourceTree = "<group>"; };
		7B565F031A92486F00D6A420 /* Base */ = {isa = PBXFileReference; lastKnownFileType = file.xib; name = Base; path = Base.lproj/LaunchScreen.xib; sourceTree = "<group>"; };
		7B565F091A92486F00D6A420 /* OtherbuTests.xctest */ = {isa = PBXFileReference; explicitFileType = wrapper.cfbundle; includeInIndex = 0; path = OtherbuTests.xctest; sourceTree = BUILT_PRODUCTS_DIR; };
		7B565F0E1A92486F00D6A420 /* Info.plist */ = {isa = PBXFileReference; lastKnownFileType = text.plist.xml; path = Info.plist; sourceTree = "<group>"; };
		7B565F0F1A92486F00D6A420 /* OtherbuTests.m */ = {isa = PBXFileReference; lastKnownFileType = sourcecode.c.objc; path = OtherbuTests.m; sourceTree = "<group>"; };
		7B565F191A9249FA00D6A420 /* BookmarkData.h */ = {isa = PBXFileReference; fileEncoding = 4; lastKnownFileType = sourcecode.c.h; path = BookmarkData.h; sourceTree = "<group>"; };
		7B565F1A1A9249FA00D6A420 /* BookmarkData.m */ = {isa = PBXFileReference; fileEncoding = 4; lastKnownFileType = sourcecode.c.objc; path = BookmarkData.m; sourceTree = "<group>"; };
		7B565F1B1A9249FA00D6A420 /* CategoryData.h */ = {isa = PBXFileReference; fileEncoding = 4; lastKnownFileType = sourcecode.c.h; path = CategoryData.h; sourceTree = "<group>"; };
		7B565F1C1A9249FA00D6A420 /* CategoryData.m */ = {isa = PBXFileReference; fileEncoding = 4; lastKnownFileType = sourcecode.c.objc; path = CategoryData.m; sourceTree = "<group>"; };
		7B565F1D1A9249FA00D6A420 /* DataManager.h */ = {isa = PBXFileReference; fileEncoding = 4; lastKnownFileType = sourcecode.c.h; path = DataManager.h; sourceTree = "<group>"; };
		7B565F1E1A9249FA00D6A420 /* DataManager.m */ = {isa = PBXFileReference; fileEncoding = 4; lastKnownFileType = sourcecode.c.objc; path = DataManager.m; sourceTree = "<group>"; };
		7B565F1F1A9249FA00D6A420 /* PageData.h */ = {isa = PBXFileReference; fileEncoding = 4; lastKnownFileType = sourcecode.c.h; path = PageData.h; sourceTree = "<group>"; };
		7B565F201A9249FA00D6A420 /* PageData.m */ = {isa = PBXFileReference; fileEncoding = 4; lastKnownFileType = sourcecode.c.objc; path = PageData.m; sourceTree = "<group>"; };
		7B565F671A96565500D6A420 /* OtherbuAPIClient.h */ = {isa = PBXFileReference; fileEncoding = 4; lastKnownFileType = sourcecode.c.h; path = OtherbuAPIClient.h; sourceTree = "<group>"; };
		7B565F681A96565500D6A420 /* OtherbuAPIClient.m */ = {isa = PBXFileReference; fileEncoding = 4; lastKnownFileType = sourcecode.c.objc; path = OtherbuAPIClient.m; sourceTree = "<group>"; };
		7B91E5F41ABC7D27003A36F1 /* WebViewController.h */ = {isa = PBXFileReference; fileEncoding = 4; lastKnownFileType = sourcecode.c.h; path = WebViewController.h; sourceTree = "<group>"; };
		7B91E5F51ABC7D27003A36F1 /* WebViewController.m */ = {isa = PBXFileReference; fileEncoding = 4; lastKnownFileType = sourcecode.c.objc; path = WebViewController.m; sourceTree = "<group>"; };
		7B91E5F81ABC8505003A36F1 /* CustomWebView.h */ = {isa = PBXFileReference; fileEncoding = 4; lastKnownFileType = sourcecode.c.h; path = CustomWebView.h; sourceTree = "<group>"; };
		7B91E5F91ABC8505003A36F1 /* CustomWebView.m */ = {isa = PBXFileReference; fileEncoding = 4; lastKnownFileType = sourcecode.c.objc; path = CustomWebView.m; sourceTree = "<group>"; };
		7B91E6331AC32F40003A36F1 /* SettingTableViewController.h */ = {isa = PBXFileReference; fileEncoding = 4; lastKnownFileType = sourcecode.c.h; path = SettingTableViewController.h; sourceTree = "<group>"; };
		7B91E6341AC32F40003A36F1 /* SettingTableViewController.m */ = {isa = PBXFileReference; fileEncoding = 4; lastKnownFileType = sourcecode.c.objc; path = SettingTableViewController.m; sourceTree = "<group>"; };
		7B91E6381AC3307D003A36F1 /* BookmarkTableViewController.h */ = {isa = PBXFileReference; fileEncoding = 4; lastKnownFileType = sourcecode.c.h; path = BookmarkTableViewController.h; sourceTree = "<group>"; };
		7B91E6391AC3307D003A36F1 /* BookmarkTableViewController.m */ = {isa = PBXFileReference; fileEncoding = 4; lastKnownFileType = sourcecode.c.objc; path = BookmarkTableViewController.m; sourceTree = "<group>"; };
		7B91E63B1AC33090003A36F1 /* PageTableViewController.h */ = {isa = PBXFileReference; fileEncoding = 4; lastKnownFileType = sourcecode.c.h; path = PageTableViewController.h; sourceTree = "<group>"; };
		7B91E63C1AC33090003A36F1 /* PageTableViewController.m */ = {isa = PBXFileReference; fileEncoding = 4; lastKnownFileType = sourcecode.c.objc; path = PageTableViewController.m; sourceTree = "<group>"; };
		7B91E63E1AC330AC003A36F1 /* CategoryTableViewController.h */ = {isa = PBXFileReference; fileEncoding = 4; lastKnownFileType = sourcecode.c.h; path = CategoryTableViewController.h; sourceTree = "<group>"; };
		7B91E63F1AC330AC003A36F1 /* CategoryTableViewController.m */ = {isa = PBXFileReference; fileEncoding = 4; lastKnownFileType = sourcecode.c.objc; path = CategoryTableViewController.m; sourceTree = "<group>"; };
		7B91E6411AC330E4003A36F1 /* BookmarkMoveTableViewController.h */ = {isa = PBXFileReference; fileEncoding = 4; lastKnownFileType = sourcecode.c.h; path = BookmarkMoveTableViewController.h; sourceTree = "<group>"; };
		7B91E6421AC330E4003A36F1 /* BookmarkMoveTableViewController.m */ = {isa = PBXFileReference; fileEncoding = 4; lastKnownFileType = sourcecode.c.objc; path = BookmarkMoveTableViewController.m; sourceTree = "<group>"; };
		7B91E6441AC33175003A36F1 /* BookmarkViewController.h */ = {isa = PBXFileReference; fileEncoding = 4; lastKnownFileType = sourcecode.c.h; path = BookmarkViewController.h; sourceTree = "<group>"; };
		7B91E6451AC33175003A36F1 /* BookmarkViewController.m */ = {isa = PBXFileReference; fileEncoding = 4; lastKnownFileType = sourcecode.c.objc; path = BookmarkViewController.m; sourceTree = "<group>"; };
		7B91E6471AC331A9003A36F1 /* PageViewController.h */ = {isa = PBXFileReference; fileEncoding = 4; lastKnownFileType = sourcecode.c.h; path = PageViewController.h; sourceTree = "<group>"; };
		7B91E6481AC331A9003A36F1 /* PageViewController.m */ = {isa = PBXFileReference; fileEncoding = 4; lastKnownFileType = sourcecode.c.objc; path = PageViewController.m; sourceTree = "<group>"; };
		7B91E64A1AC331BB003A36F1 /* CategoryViewController.h */ = {isa = PBXFileReference; fileEncoding = 4; lastKnownFileType = sourcecode.c.h; path = CategoryViewController.h; sourceTree = "<group>"; };
		7B91E64B1AC331BB003A36F1 /* CategoryViewController.m */ = {isa = PBXFileReference; fileEncoding = 4; lastKnownFileType = sourcecode.c.objc; path = CategoryViewController.m; sourceTree = "<group>"; };
		7B91E64D1AC3321E003A36F1 /* DesiginViewController.h */ = {isa = PBXFileReference; fileEncoding = 4; lastKnownFileType = sourcecode.c.h; path = DesiginViewController.h; sourceTree = "<group>"; };
		7B91E64E1AC3321E003A36F1 /* DesiginViewController.m */ = {isa = PBXFileReference; fileEncoding = 4; lastKnownFileType = sourcecode.c.objc; path = DesiginViewController.m; sourceTree = "<group>"; };
		7BF6979B1AAF4ADA008C1BAE /* MainScrollView.h */ = {isa = PBXFileReference; fileEncoding = 4; lastKnownFileType = sourcecode.c.h; path = MainScrollView.h; sourceTree = "<group>"; };
		7BF6979C1AAF4ADA008C1BAE /* MainScrollView.m */ = {isa = PBXFileReference; fileEncoding = 4; lastKnownFileType = sourcecode.c.objc; path = MainScrollView.m; sourceTree = "<group>"; };
		7BF6979E1AAF657E008C1BAE /* Constants.h */ = {isa = PBXFileReference; fileEncoding = 4; lastKnownFileType = sourcecode.c.h; path = Constants.h; sourceTree = "<group>"; };
		7BF6979F1AAF657E008C1BAE /* Constants.m */ = {isa = PBXFileReference; fileEncoding = 4; lastKnownFileType = sourcecode.c.objc; path = Constants.m; sourceTree = "<group>"; };
		7BF697A11AB08B3C008C1BAE /* NavigationBar.h */ = {isa = PBXFileReference; fileEncoding = 4; lastKnownFileType = sourcecode.c.h; path = NavigationBar.h; sourceTree = "<group>"; };
		7BF697A21AB08B3C008C1BAE /* NavigationBar.m */ = {isa = PBXFileReference; fileEncoding = 4; lastKnownFileType = sourcecode.c.objc; path = NavigationBar.m; sourceTree = "<group>"; };
		7BF697A41AB09AD8008C1BAE /* DesignData.h */ = {isa = PBXFileReference; fileEncoding = 4; lastKnownFileType = sourcecode.c.h; path = DesignData.h; sourceTree = "<group>"; };
		7BF697A51AB09AD8008C1BAE /* DesignData.m */ = {isa = PBXFileReference; fileEncoding = 4; lastKnownFileType = sourcecode.c.objc; path = DesignData.m; sourceTree = "<group>"; };
		7BF697AB1AB3FDB1008C1BAE /* Otherbu-Prefix.pch */ = {isa = PBXFileReference; lastKnownFileType = sourcecode.c.h; path = "Otherbu-Prefix.pch"; sourceTree = "<group>"; };
		7BF697AF1AB42A94008C1BAE /* PageTabView.h */ = {isa = PBXFileReference; fileEncoding = 4; lastKnownFileType = sourcecode.c.h; path = PageTabView.h; sourceTree = "<group>"; };
		7BF697B01AB42A94008C1BAE /* PageTabView.m */ = {isa = PBXFileReference; fileEncoding = 4; lastKnownFileType = sourcecode.c.objc; path = PageTabView.m; sourceTree = "<group>"; };
		7EAE3DF2804B4E2305DACDCD /* libPods.a */ = {isa = PBXFileReference; explicitFileType = archive.ar; includeInIndex = 0; path = libPods.a; sourceTree = BUILT_PRODUCTS_DIR; };
		9EA2AE421497E7D0C4741265 /* Pods.release.xcconfig */ = {isa = PBXFileReference; includeInIndex = 1; lastKnownFileType = text.xcconfig; name = Pods.release.xcconfig; path = "Pods/Target Support Files/Pods/Pods.release.xcconfig"; sourceTree = "<group>"; };
		A68444AA09945B1E11DBE4E7 /* Pods.debug.xcconfig */ = {isa = PBXFileReference; includeInIndex = 1; lastKnownFileType = text.xcconfig; name = Pods.debug.xcconfig; path = "Pods/Target Support Files/Pods/Pods.debug.xcconfig"; sourceTree = "<group>"; };
/* End PBXFileReference section */

/* Begin PBXFrameworksBuildPhase section */
		7B565EED1A92486F00D6A420 /* Frameworks */ = {
			isa = PBXFrameworksBuildPhase;
			buildActionMask = 2147483647;
			files = (
				C598670734C75CA12CEEA2B7 /* libPods.a in Frameworks */,
			);
			runOnlyForDeploymentPostprocessing = 0;
		};
		7B565F061A92486F00D6A420 /* Frameworks */ = {
			isa = PBXFrameworksBuildPhase;
			buildActionMask = 2147483647;
			files = (
			);
			runOnlyForDeploymentPostprocessing = 0;
		};
/* End PBXFrameworksBuildPhase section */

/* Begin PBXGroup section */
		6463D537B3A71CEC50C4C6BC /* Frameworks */ = {
			isa = PBXGroup;
			children = (
				7EAE3DF2804B4E2305DACDCD /* libPods.a */,
			);
			name = Frameworks;
			sourceTree = "<group>";
		};
		7B39F52F1A9CEEA70036CB69 /* CustomView */ = {
			isa = PBXGroup;
			children = (
				7B39F5391AA39BCA0036CB69 /* MainTableCellView.h */,
				7B39F53A1AA39BCA0036CB69 /* MainTableCellView.m */,
				7B11FCFC1AA7044F0093E63A /* InnerTableView.h */,
				7B11FCFD1AA7044F0093E63A /* InnerTableView.m */,
				7B39F52C1A9CEE860036CB69 /* SectionHeaderView.h */,
				7B39F52D1A9CEE860036CB69 /* SectionHeaderView.m */,
				7BF6979B1AAF4ADA008C1BAE /* MainScrollView.h */,
				7BF6979C1AAF4ADA008C1BAE /* MainScrollView.m */,
				7BF697A11AB08B3C008C1BAE /* NavigationBar.h */,
				7BF697A21AB08B3C008C1BAE /* NavigationBar.m */,
				7BF697AF1AB42A94008C1BAE /* PageTabView.h */,
				7BF697B01AB42A94008C1BAE /* PageTabView.m */,
			);
			name = CustomView;
			sourceTree = "<group>";
		};
		7B565EE71A92486F00D6A420 = {
			isa = PBXGroup;
			children = (
				7B565EF21A92486F00D6A420 /* Otherbu */,
				7B565F0C1A92486F00D6A420 /* OtherbuTests */,
				7B565EF11A92486F00D6A420 /* Products */,
				CBC7E21A43E4C7771A9B3CF5 /* Pods */,
				6463D537B3A71CEC50C4C6BC /* Frameworks */,
			);
			sourceTree = "<group>";
		};
		7B565EF11A92486F00D6A420 /* Products */ = {
			isa = PBXGroup;
			children = (
				7B565EF01A92486F00D6A420 /* Otherbu.app */,
				7B565F091A92486F00D6A420 /* OtherbuTests.xctest */,
			);
			name = Products;
			sourceTree = "<group>";
		};
		7B565EF21A92486F00D6A420 /* Otherbu */ = {
			isa = PBXGroup;
			children = (
				7B565EFD1A92486F00D6A420 /* Main.storyboard */,
				7B565EF71A92486F00D6A420 /* AppDelegate.h */,
				7B565EF81A92486F00D6A420 /* AppDelegate.m */,
				7B565F2B1A938A9600D6A420 /* MainScene */,
				7B91E5F71ABC7D30003A36F1 /* WebViewScene */,
				7B91E6361AC32F5A003A36F1 /* SettingScene */,
				7B565F251A924A1000D6A420 /* Model */,
				7B565F001A92486F00D6A420 /* Images.xcassets */,
				590F230E1AA81F4900589E7C /* wood-wallpeper.jpg */,
				7B565F021A92486F00D6A420 /* LaunchScreen.xib */,
				7B565EF31A92486F00D6A420 /* Supporting Files */,
			);
			path = Otherbu;
			sourceTree = "<group>";
		};
		7B565EF31A92486F00D6A420 /* Supporting Files */ = {
			isa = PBXGroup;
			children = (
				7B39F5321AA31DA20036CB69 /* UIColor+Hex.h */,
				7B39F5331AA31DA20036CB69 /* UIColor+Hex.m */,
				7BF6979E1AAF657E008C1BAE /* Constants.h */,
				7BF6979F1AAF657E008C1BAE /* Constants.m */,
				7BF697AB1AB3FDB1008C1BAE /* Otherbu-Prefix.pch */,
				7B565EF41A92486F00D6A420 /* Info.plist */,
				7B565EF51A92486F00D6A420 /* main.m */,
			);
			name = "Supporting Files";
			sourceTree = "<group>";
		};
		7B565F0C1A92486F00D6A420 /* OtherbuTests */ = {
			isa = PBXGroup;
			children = (
				7B565F0F1A92486F00D6A420 /* OtherbuTests.m */,
				7B565F0D1A92486F00D6A420 /* Supporting Files */,
			);
			path = OtherbuTests;
			sourceTree = "<group>";
		};
		7B565F0D1A92486F00D6A420 /* Supporting Files */ = {
			isa = PBXGroup;
			children = (
				7B565F0E1A92486F00D6A420 /* Info.plist */,
			);
			name = "Supporting Files";
			sourceTree = "<group>";
		};
		7B565F251A924A1000D6A420 /* Model */ = {
			isa = PBXGroup;
			children = (
				7B565F671A96565500D6A420 /* OtherbuAPIClient.h */,
				7B565F681A96565500D6A420 /* OtherbuAPIClient.m */,
				7B565F201A9249FA00D6A420 /* PageData.m */,
				7B565F1F1A9249FA00D6A420 /* PageData.h */,
				7B565F1E1A9249FA00D6A420 /* DataManager.m */,
				7B565F1D1A9249FA00D6A420 /* DataManager.h */,
				7B565F1C1A9249FA00D6A420 /* CategoryData.m */,
				7B565F1B1A9249FA00D6A420 /* CategoryData.h */,
				7B565F1A1A9249FA00D6A420 /* BookmarkData.m */,
				7B565F191A9249FA00D6A420 /* BookmarkData.h */,
				7B39F5361AA321740036CB69 /* ColorData.h */,
				7B39F5371AA321740036CB69 /* ColorData.m */,
				7BF697A41AB09AD8008C1BAE /* DesignData.h */,
				7BF697A51AB09AD8008C1BAE /* DesignData.m */,
			);
			name = Model;
			sourceTree = "<group>";
		};
		7B565F2B1A938A9600D6A420 /* MainScene */ = {
			isa = PBXGroup;
			children = (
				7B565EFA1A92486F00D6A420 /* MainViewController.h */,
				7B565EFB1A92486F00D6A420 /* MainViewController.m */,
				7B39F52F1A9CEEA70036CB69 /* CustomView */,
			);
			name = MainScene;
			sourceTree = "<group>";
		};
		7B91E5F71ABC7D30003A36F1 /* WebViewScene */ = {
			isa = PBXGroup;
			children = (
				7B91E5F41ABC7D27003A36F1 /* WebViewController.h */,
				7B91E5F51ABC7D27003A36F1 /* WebViewController.m */,
				7B91E5FB1ABC850A003A36F1 /* CustomView */,
			);
			name = WebViewScene;
			sourceTree = "<group>";
		};
		7B91E5FB1ABC850A003A36F1 /* CustomView */ = {
			isa = PBXGroup;
			children = (
				7B91E5F81ABC8505003A36F1 /* CustomWebView.h */,
				7B91E5F91ABC8505003A36F1 /* CustomWebView.m */,
			);
			name = CustomView;
			sourceTree = "<group>";
		};
		7B91E6361AC32F5A003A36F1 /* SettingScene */ = {
			isa = PBXGroup;
			children = (
				7B91E6341AC32F40003A36F1 /* SettingTableViewController.m */,
				7B91E6331AC32F40003A36F1 /* SettingTableViewController.h */,
				7B91E6371AC32F7E003A36F1 /* Controller */,
			);
			name = SettingScene;
			sourceTree = "<group>";
		};
		7B91E6371AC32F7E003A36F1 /* Controller */ = {
			isa = PBXGroup;
			children = (
				7B91E6381AC3307D003A36F1 /* BookmarkTableViewController.h */,
				7B91E6391AC3307D003A36F1 /* BookmarkTableViewController.m */,
				7B91E63B1AC33090003A36F1 /* PageTableViewController.h */,
				7B91E63C1AC33090003A36F1 /* PageTableViewController.m */,
				7B91E63E1AC330AC003A36F1 /* CategoryTableViewController.h */,
				7B91E63F1AC330AC003A36F1 /* CategoryTableViewController.m */,
				7B91E6411AC330E4003A36F1 /* BookmarkMoveTableViewController.h */,
				7B91E6421AC330E4003A36F1 /* BookmarkMoveTableViewController.m */,
				7B91E6441AC33175003A36F1 /* BookmarkViewController.h */,
				7B91E6451AC33175003A36F1 /* BookmarkViewController.m */,
				7B91E6471AC331A9003A36F1 /* PageViewController.h */,
				7B91E6481AC331A9003A36F1 /* PageViewController.m */,
				7B91E64A1AC331BB003A36F1 /* CategoryViewController.h */,
				7B91E64B1AC331BB003A36F1 /* CategoryViewController.m */,
				7B91E64D1AC3321E003A36F1 /* DesiginViewController.h */,
				7B91E64E1AC3321E003A36F1 /* DesiginViewController.m */,
			);
			name = Controller;
			sourceTree = "<group>";
		};
		CBC7E21A43E4C7771A9B3CF5 /* Pods */ = {
			isa = PBXGroup;
			children = (
				A68444AA09945B1E11DBE4E7 /* Pods.debug.xcconfig */,
				9EA2AE421497E7D0C4741265 /* Pods.release.xcconfig */,
			);
			name = Pods;
			sourceTree = "<group>";
		};
/* End PBXGroup section */

/* Begin PBXNativeTarget section */
		7B565EEF1A92486F00D6A420 /* Otherbu */ = {
			isa = PBXNativeTarget;
			buildConfigurationList = 7B565F131A92487000D6A420 /* Build configuration list for PBXNativeTarget "Otherbu" */;
			buildPhases = (
				00F30E6097103E2A22427720 /* Check Pods Manifest.lock */,
				7B565EEC1A92486F00D6A420 /* Sources */,
				7B565EED1A92486F00D6A420 /* Frameworks */,
				7B565EEE1A92486F00D6A420 /* Resources */,
				EAB315C93C5A66A553FAC016 /* Copy Pods Resources */,
			);
			buildRules = (
			);
			dependencies = (
			);
			name = Otherbu;
			productName = Otherbu;
			productReference = 7B565EF01A92486F00D6A420 /* Otherbu.app */;
			productType = "com.apple.product-type.application";
		};
		7B565F081A92486F00D6A420 /* OtherbuTests */ = {
			isa = PBXNativeTarget;
			buildConfigurationList = 7B565F161A92487000D6A420 /* Build configuration list for PBXNativeTarget "OtherbuTests" */;
			buildPhases = (
				7B565F051A92486F00D6A420 /* Sources */,
				7B565F061A92486F00D6A420 /* Frameworks */,
				7B565F071A92486F00D6A420 /* Resources */,
			);
			buildRules = (
			);
			dependencies = (
				7B565F0B1A92486F00D6A420 /* PBXTargetDependency */,
			);
			name = OtherbuTests;
			productName = OtherbuTests;
			productReference = 7B565F091A92486F00D6A420 /* OtherbuTests.xctest */;
			productType = "com.apple.product-type.bundle.unit-test";
		};
/* End PBXNativeTarget section */

/* Begin PBXProject section */
		7B565EE81A92486F00D6A420 /* Project object */ = {
			isa = PBXProject;
			attributes = {
				LastUpgradeCheck = 0610;
				ORGANIZATIONNAME = fujimisakari;
				TargetAttributes = {
					7B565EEF1A92486F00D6A420 = {
						CreatedOnToolsVersion = 6.1.1;
						DevelopmentTeam = 2NTKX77UEL;
					};
					7B565F081A92486F00D6A420 = {
						CreatedOnToolsVersion = 6.1.1;
						DevelopmentTeam = 2NTKX77UEL;
						TestTargetID = 7B565EEF1A92486F00D6A420;
					};
				};
			};
			buildConfigurationList = 7B565EEB1A92486F00D6A420 /* Build configuration list for PBXProject "Otherbu" */;
			compatibilityVersion = "Xcode 3.2";
			developmentRegion = English;
			hasScannedForEncodings = 0;
			knownRegions = (
				en,
				Base,
			);
			mainGroup = 7B565EE71A92486F00D6A420;
			productRefGroup = 7B565EF11A92486F00D6A420 /* Products */;
			projectDirPath = "";
			projectRoot = "";
			targets = (
				7B565EEF1A92486F00D6A420 /* Otherbu */,
				7B565F081A92486F00D6A420 /* OtherbuTests */,
			);
		};
/* End PBXProject section */

/* Begin PBXResourcesBuildPhase section */
		7B565EEE1A92486F00D6A420 /* Resources */ = {
			isa = PBXResourcesBuildPhase;
			buildActionMask = 2147483647;
			files = (
				7B565EFF1A92486F00D6A420 /* Main.storyboard in Resources */,
				590F230F1AA81F4900589E7C /* wood-wallpeper.jpg in Resources */,
				7B565F041A92486F00D6A420 /* LaunchScreen.xib in Resources */,
				7B565F011A92486F00D6A420 /* Images.xcassets in Resources */,
			);
			runOnlyForDeploymentPostprocessing = 0;
		};
		7B565F071A92486F00D6A420 /* Resources */ = {
			isa = PBXResourcesBuildPhase;
			buildActionMask = 2147483647;
			files = (
			);
			runOnlyForDeploymentPostprocessing = 0;
		};
/* End PBXResourcesBuildPhase section */

/* Begin PBXShellScriptBuildPhase section */
		00F30E6097103E2A22427720 /* Check Pods Manifest.lock */ = {
			isa = PBXShellScriptBuildPhase;
			buildActionMask = 2147483647;
			files = (
			);
			inputPaths = (
			);
			name = "Check Pods Manifest.lock";
			outputPaths = (
			);
			runOnlyForDeploymentPostprocessing = 0;
			shellPath = /bin/sh;
			shellScript = "diff \"${PODS_ROOT}/../Podfile.lock\" \"${PODS_ROOT}/Manifest.lock\" > /dev/null\nif [[ $? != 0 ]] ; then\n    cat << EOM\nerror: The sandbox is not in sync with the Podfile.lock. Run 'pod install' or update your CocoaPods installation.\nEOM\n    exit 1\nfi\n";
			showEnvVarsInLog = 0;
		};
		EAB315C93C5A66A553FAC016 /* Copy Pods Resources */ = {
			isa = PBXShellScriptBuildPhase;
			buildActionMask = 2147483647;
			files = (
			);
			inputPaths = (
			);
			name = "Copy Pods Resources";
			outputPaths = (
			);
			runOnlyForDeploymentPostprocessing = 0;
			shellPath = /bin/sh;
			shellScript = "\"${SRCROOT}/Pods/Target Support Files/Pods/Pods-resources.sh\"\n";
			showEnvVarsInLog = 0;
		};
/* End PBXShellScriptBuildPhase section */

/* Begin PBXSourcesBuildPhase section */
		7B565EEC1A92486F00D6A420 /* Sources */ = {
			isa = PBXSourcesBuildPhase;
			buildActionMask = 2147483647;
			files = (
				7B91E5FA1ABC8505003A36F1 /* CustomWebView.m in Sources */,
				7B11FCFE1AA7044F0093E63A /* InnerTableView.m in Sources */,
				7BF697A61AB09AD8008C1BAE /* DesignData.m in Sources */,
				7B39F52E1A9CEE860036CB69 /* SectionHeaderView.m in Sources */,
				7B91E64C1AC331BB003A36F1 /* CategoryViewController.m in Sources */,
				7B91E63D1AC33090003A36F1 /* PageTableViewController.m in Sources */,
				7B39F5341AA31DA20036CB69 /* UIColor+Hex.m in Sources */,
				7B565F241A9249FA00D6A420 /* PageData.m in Sources */,
				7B565EFC1A92486F00D6A420 /* MainViewController.m in Sources */,
				7BF697A01AAF657E008C1BAE /* Constants.m in Sources */,
				7B565F231A9249FA00D6A420 /* DataManager.m in Sources */,
				7BF697B11AB42A94008C1BAE /* PageTabView.m in Sources */,
				7B91E6491AC331A9003A36F1 /* PageViewController.m in Sources */,
				7B91E64F1AC3321E003A36F1 /* DesiginViewController.m in Sources */,
				7B565F221A9249FA00D6A420 /* CategoryData.m in Sources */,
				7B91E5F61ABC7D27003A36F1 /* WebViewController.m in Sources */,
				7B91E6401AC330AC003A36F1 /* CategoryTableViewController.m in Sources */,
				7B91E6461AC33175003A36F1 /* BookmarkViewController.m in Sources */,
				7B565F211A9249FA00D6A420 /* BookmarkData.m in Sources */,
				7B91E63A1AC3307D003A36F1 /* BookmarkTableViewController.m in Sources */,
				7B565EF91A92486F00D6A420 /* AppDelegate.m in Sources */,
				7B565EF61A92486F00D6A420 /* main.m in Sources */,
				7BF6979D1AAF4ADA008C1BAE /* MainScrollView.m in Sources */,
				7B91E6351AC32F40003A36F1 /* SettingTableViewController.m in Sources */,
				7B39F53B1AA39BCA0036CB69 /* MainTableCellView.m in Sources */,
				7B565F691A96565500D6A420 /* OtherbuAPIClient.m in Sources */,
				7B39F5381AA321740036CB69 /* ColorData.m in Sources */,
				7BF697A31AB08B3C008C1BAE /* NavigationBar.m in Sources */,
				7B91E6431AC330E4003A36F1 /* BookmarkMoveTableViewController.m in Sources */,
			);
			runOnlyForDeploymentPostprocessing = 0;
		};
		7B565F051A92486F00D6A420 /* Sources */ = {
			isa = PBXSourcesBuildPhase;
			buildActionMask = 2147483647;
			files = (
				7B565F101A92486F00D6A420 /* OtherbuTests.m in Sources */,
			);
			runOnlyForDeploymentPostprocessing = 0;
		};
/* End PBXSourcesBuildPhase section */

/* Begin PBXTargetDependency section */
		7B565F0B1A92486F00D6A420 /* PBXTargetDependency */ = {
			isa = PBXTargetDependency;
			target = 7B565EEF1A92486F00D6A420 /* Otherbu */;
			targetProxy = 7B565F0A1A92486F00D6A420 /* PBXContainerItemProxy */;
		};
/* End PBXTargetDependency section */

/* Begin PBXVariantGroup section */
		7B565EFD1A92486F00D6A420 /* Main.storyboard */ = {
			isa = PBXVariantGroup;
			children = (
				7B565EFE1A92486F00D6A420 /* Base */,
			);
			name = Main.storyboard;
			sourceTree = "<group>";
		};
		7B565F021A92486F00D6A420 /* LaunchScreen.xib */ = {
			isa = PBXVariantGroup;
			children = (
				7B565F031A92486F00D6A420 /* Base */,
			);
			name = LaunchScreen.xib;
			sourceTree = "<group>";
		};
/* End PBXVariantGroup section */

/* Begin XCBuildConfiguration section */
		7B565F111A92486F00D6A420 /* Debug */ = {
			isa = XCBuildConfiguration;
			buildSettings = {
				ALWAYS_SEARCH_USER_PATHS = NO;
				CLANG_CXX_LANGUAGE_STANDARD = "gnu++0x";
				CLANG_CXX_LIBRARY = "libc++";
				CLANG_ENABLE_MODULES = YES;
				CLANG_ENABLE_OBJC_ARC = YES;
				CLANG_WARN_BOOL_CONVERSION = YES;
				CLANG_WARN_CONSTANT_CONVERSION = YES;
				CLANG_WARN_DIRECT_OBJC_ISA_USAGE = YES_ERROR;
				CLANG_WARN_EMPTY_BODY = YES;
				CLANG_WARN_ENUM_CONVERSION = YES;
				CLANG_WARN_INT_CONVERSION = YES;
				CLANG_WARN_OBJC_ROOT_CLASS = YES_ERROR;
				CLANG_WARN_UNREACHABLE_CODE = YES;
				CLANG_WARN__DUPLICATE_METHOD_MATCH = YES;
				"CODE_SIGN_IDENTITY[sdk=iphoneos*]" = "iPhone Developer";
				COPY_PHASE_STRIP = NO;
				ENABLE_STRICT_OBJC_MSGSEND = YES;
				GCC_C_LANGUAGE_STANDARD = gnu99;
				GCC_DYNAMIC_NO_PIC = NO;
				GCC_OPTIMIZATION_LEVEL = 0;
				GCC_PREPROCESSOR_DEFINITIONS = (
					"DEBUG=1",
					"$(inherited)",
				);
				GCC_SYMBOLS_PRIVATE_EXTERN = NO;
				GCC_WARN_64_TO_32_BIT_CONVERSION = YES;
				GCC_WARN_ABOUT_RETURN_TYPE = YES_ERROR;
				GCC_WARN_UNDECLARED_SELECTOR = YES;
				GCC_WARN_UNINITIALIZED_AUTOS = YES_AGGRESSIVE;
				GCC_WARN_UNUSED_FUNCTION = YES;
				GCC_WARN_UNUSED_VARIABLE = YES;
				IPHONEOS_DEPLOYMENT_TARGET = 8.1;
				MTL_ENABLE_DEBUG_INFO = YES;
				ONLY_ACTIVE_ARCH = YES;
				SDKROOT = iphoneos;
				TARGETED_DEVICE_FAMILY = "1,2";
			};
			name = Debug;
		};
		7B565F121A92486F00D6A420 /* Release */ = {
			isa = XCBuildConfiguration;
			buildSettings = {
				ALWAYS_SEARCH_USER_PATHS = NO;
				CLANG_CXX_LANGUAGE_STANDARD = "gnu++0x";
				CLANG_CXX_LIBRARY = "libc++";
				CLANG_ENABLE_MODULES = YES;
				CLANG_ENABLE_OBJC_ARC = YES;
				CLANG_WARN_BOOL_CONVERSION = YES;
				CLANG_WARN_CONSTANT_CONVERSION = YES;
				CLANG_WARN_DIRECT_OBJC_ISA_USAGE = YES_ERROR;
				CLANG_WARN_EMPTY_BODY = YES;
				CLANG_WARN_ENUM_CONVERSION = YES;
				CLANG_WARN_INT_CONVERSION = YES;
				CLANG_WARN_OBJC_ROOT_CLASS = YES_ERROR;
				CLANG_WARN_UNREACHABLE_CODE = YES;
				CLANG_WARN__DUPLICATE_METHOD_MATCH = YES;
				"CODE_SIGN_IDENTITY[sdk=iphoneos*]" = "iPhone Developer";
				COPY_PHASE_STRIP = YES;
				ENABLE_NS_ASSERTIONS = NO;
				ENABLE_STRICT_OBJC_MSGSEND = YES;
				GCC_C_LANGUAGE_STANDARD = gnu99;
				GCC_WARN_64_TO_32_BIT_CONVERSION = YES;
				GCC_WARN_ABOUT_RETURN_TYPE = YES_ERROR;
				GCC_WARN_UNDECLARED_SELECTOR = YES;
				GCC_WARN_UNINITIALIZED_AUTOS = YES_AGGRESSIVE;
				GCC_WARN_UNUSED_FUNCTION = YES;
				GCC_WARN_UNUSED_VARIABLE = YES;
				IPHONEOS_DEPLOYMENT_TARGET = 8.1;
				MTL_ENABLE_DEBUG_INFO = NO;
				SDKROOT = iphoneos;
				TARGETED_DEVICE_FAMILY = "1,2";
				VALIDATE_PRODUCT = YES;
			};
			name = Release;
		};
		7B565F141A92487000D6A420 /* Debug */ = {
			isa = XCBuildConfiguration;
			baseConfigurationReference = A68444AA09945B1E11DBE4E7 /* Pods.debug.xcconfig */;
			buildSettings = {
				ASSETCATALOG_COMPILER_APPICON_NAME = AppIcon;
				CODE_SIGN_IDENTITY = "iPhone Developer";
				"CODE_SIGN_IDENTITY[sdk=iphoneos*]" = "iPhone Developer";
				GCC_PREFIX_HEADER = "Otherbu/Otherbu-Prefix.pch";
				INFOPLIST_FILE = Otherbu/Info.plist;
				LD_RUNPATH_SEARCH_PATHS = "$(inherited) @executable_path/Frameworks";
				PRODUCT_NAME = "$(TARGET_NAME)";
				PROVISIONING_PROFILE = "";
			};
			name = Debug;
		};
		7B565F151A92487000D6A420 /* Release */ = {
			isa = XCBuildConfiguration;
			baseConfigurationReference = 9EA2AE421497E7D0C4741265 /* Pods.release.xcconfig */;
			buildSettings = {
				ASSETCATALOG_COMPILER_APPICON_NAME = AppIcon;
				CODE_SIGN_IDENTITY = "iPhone Developer";
				"CODE_SIGN_IDENTITY[sdk=iphoneos*]" = "iPhone Developer";
				GCC_PREFIX_HEADER = "Otherbu/Otherbu-Prefix.pch";
				INFOPLIST_FILE = Otherbu/Info.plist;
				LD_RUNPATH_SEARCH_PATHS = "$(inherited) @executable_path/Frameworks";
				PRODUCT_NAME = "$(TARGET_NAME)";
				PROVISIONING_PROFILE = "";
			};
			name = Release;
		};
		7B565F171A92487000D6A420 /* Debug */ = {
			isa = XCBuildConfiguration;
			buildSettings = {
				BUNDLE_LOADER = "$(TEST_HOST)";
				CODE_SIGN_IDENTITY = "iPhone Developer";
				"CODE_SIGN_IDENTITY[sdk=iphoneos*]" = "iPhone Developer";
				FRAMEWORK_SEARCH_PATHS = (
					"$(SDKROOT)/Developer/Library/Frameworks",
					"$(inherited)",
				);
				GCC_PREPROCESSOR_DEFINITIONS = (
					"DEBUG=1",
					"$(inherited)",
				);
				INFOPLIST_FILE = OtherbuTests/Info.plist;
				LD_RUNPATH_SEARCH_PATHS = "$(inherited) @executable_path/Frameworks @loader_path/Frameworks";
				PRODUCT_NAME = "$(TARGET_NAME)";
				PROVISIONING_PROFILE = "";
				TEST_HOST = "$(BUILT_PRODUCTS_DIR)/Otherbu.app/Otherbu";
			};
			name = Debug;
		};
		7B565F181A92487000D6A420 /* Release */ = {
			isa = XCBuildConfiguration;
			buildSettings = {
				BUNDLE_LOADER = "$(TEST_HOST)";
				CODE_SIGN_IDENTITY = "iPhone Developer";
				"CODE_SIGN_IDENTITY[sdk=iphoneos*]" = "iPhone Developer";
				FRAMEWORK_SEARCH_PATHS = (
					"$(SDKROOT)/Developer/Library/Frameworks",
					"$(inherited)",
				);
				INFOPLIST_FILE = OtherbuTests/Info.plist;
				LD_RUNPATH_SEARCH_PATHS = "$(inherited) @executable_path/Frameworks @loader_path/Frameworks";
				PRODUCT_NAME = "$(TARGET_NAME)";
				PROVISIONING_PROFILE = "";
				TEST_HOST = "$(BUILT_PRODUCTS_DIR)/Otherbu.app/Otherbu";
			};
			name = Release;
		};
/* End XCBuildConfiguration section */

/* Begin XCConfigurationList section */
		7B565EEB1A92486F00D6A420 /* Build configuration list for PBXProject "Otherbu" */ = {
			isa = XCConfigurationList;
			buildConfigurations = (
				7B565F111A92486F00D6A420 /* Debug */,
				7B565F121A92486F00D6A420 /* Release */,
			);
			defaultConfigurationIsVisible = 0;
			defaultConfigurationName = Release;
		};
		7B565F131A92487000D6A420 /* Build configuration list for PBXNativeTarget "Otherbu" */ = {
			isa = XCConfigurationList;
			buildConfigurations = (
				7B565F141A92487000D6A420 /* Debug */,
				7B565F151A92487000D6A420 /* Release */,
			);
			defaultConfigurationIsVisible = 0;
			defaultConfigurationName = Release;
		};
		7B565F161A92487000D6A420 /* Build configuration list for PBXNativeTarget "OtherbuTests" */ = {
			isa = XCConfigurationList;
			buildConfigurations = (
				7B565F171A92487000D6A420 /* Debug */,
				7B565F181A92487000D6A420 /* Release */,
			);
			defaultConfigurationIsVisible = 0;
			defaultConfigurationName = Release;
		};
/* End XCConfigurationList section */
	};
	rootObject = 7B565EE81A92486F00D6A420 /* Project object */;
}
